// !$*UTF8*$!
{
	archiveVersion = 1;
	classes = {
	};
	objectVersion = 56;
	objects = {

/* Begin PBXBuildFile section */
		9904E3FB2C0D2B5900172593 /* CalendarService.swift in Sources */ = {isa = PBXBuildFile; fileRef = 9904E3FA2C0D2B5900172593 /* CalendarService.swift */; };
		9904E3FD2C0D2B6F00172593 /* CalendarServiceProtocol.swift in Sources */ = {isa = PBXBuildFile; fileRef = 9904E3FC2C0D2B6F00172593 /* CalendarServiceProtocol.swift */; };
		997E99122C127AE2006F0FB5 /* TimelineDividerView.swift in Sources */ = {isa = PBXBuildFile; fileRef = 997E99012C127AE2006F0FB5 /* TimelineDividerView.swift */; };
		997E99132C127AE2006F0FB5 /* TimelineHourView.swift in Sources */ = {isa = PBXBuildFile; fileRef = 997E99022C127AE2006F0FB5 /* TimelineHourView.swift */; };
		997E99142C127AE2006F0FB5 /* TimelineNowView.swift in Sources */ = {isa = PBXBuildFile; fileRef = 997E99032C127AE2006F0FB5 /* TimelineNowView.swift */; };
		997E99152C127AE2006F0FB5 /* TimelineTaskView.swift in Sources */ = {isa = PBXBuildFile; fileRef = 997E99042C127AE2006F0FB5 /* TimelineTaskView.swift */; };
		997E99162C127AE2006F0FB5 /* TimelineLayout.swift in Sources */ = {isa = PBXBuildFile; fileRef = 997E99062C127AE2006F0FB5 /* TimelineLayout.swift */; };
		997E99172C127AE2006F0FB5 /* TimelineGraphicView.swift in Sources */ = {isa = PBXBuildFile; fileRef = 997E99082C127AE2006F0FB5 /* TimelineGraphicView.swift */; };
		997E99182C127AE2006F0FB5 /* TimelineHeaderView.swift in Sources */ = {isa = PBXBuildFile; fileRef = 997E99092C127AE2006F0FB5 /* TimelineHeaderView.swift */; };
		997E99192C127AE2006F0FB5 /* Timeline.swift in Sources */ = {isa = PBXBuildFile; fileRef = 997E990B2C127AE2006F0FB5 /* Timeline.swift */; };
		997E991A2C127AE2006F0FB5 /* HomeView.swift in Sources */ = {isa = PBXBuildFile; fileRef = 997E990F2C127AE2006F0FB5 /* HomeView.swift */; };
		997E991B2C127AE2006F0FB5 /* HomeViewModel.swift in Sources */ = {isa = PBXBuildFile; fileRef = 997E99102C127AE2006F0FB5 /* HomeViewModel.swift */; };
		997E992E2C127B7C006F0FB5 /* ReminderSectionConstant.swift in Sources */ = {isa = PBXBuildFile; fileRef = 997E99242C127B7C006F0FB5 /* ReminderSectionConstant.swift */; };
		997E992F2C127B7C006F0FB5 /* ReminderDestination.swift in Sources */ = {isa = PBXBuildFile; fileRef = 997E99262C127B7C006F0FB5 /* ReminderDestination.swift */; };
		997E99302C127B7C006F0FB5 /* RepeatView.swift in Sources */ = {isa = PBXBuildFile; fileRef = 997E99282C127B7C006F0FB5 /* RepeatView.swift */; };
		997E99312C127B7C006F0FB5 /* TagsView.swift in Sources */ = {isa = PBXBuildFile; fileRef = 997E99292C127B7C006F0FB5 /* TagsView.swift */; };
		997E99322C127B7C006F0FB5 /* ReminderView.swift in Sources */ = {isa = PBXBuildFile; fileRef = 997E992B2C127B7C006F0FB5 /* ReminderView.swift */; };
		997E99332C127B7C006F0FB5 /* ReminderViewModel.swift in Sources */ = {isa = PBXBuildFile; fileRef = 997E992C2C127B7C006F0FB5 /* ReminderViewModel.swift */; };
		997E99372C127B8D006F0FB5 /* SearchView.swift in Sources */ = {isa = PBXBuildFile; fileRef = 997E99342C127B8D006F0FB5 /* SearchView.swift */; };
		997E99382C127B8D006F0FB5 /* SearchViewModel.swift in Sources */ = {isa = PBXBuildFile; fileRef = 997E99352C127B8D006F0FB5 /* SearchViewModel.swift */; };
		997E99482C127B9B006F0FB5 /* AccountSectionConstant.swift in Sources */ = {isa = PBXBuildFile; fileRef = 997E99392C127B9B006F0FB5 /* AccountSectionConstant.swift */; };
		997E99492C127B9B006F0FB5 /* AccountDestination.swift in Sources */ = {isa = PBXBuildFile; fileRef = 997E993B2C127B9B006F0FB5 /* AccountDestination.swift */; };
		997E994A2C127B9B006F0FB5 /* AboutUsView.swift in Sources */ = {isa = PBXBuildFile; fileRef = 997E993E2C127B9B006F0FB5 /* AboutUsView.swift */; };
		997E994B2C127B9B006F0FB5 /* LanguageView.swift in Sources */ = {isa = PBXBuildFile; fileRef = 997E993F2C127B9B006F0FB5 /* LanguageView.swift */; };
		997E994C2C127B9B006F0FB5 /* NotificationView.swift in Sources */ = {isa = PBXBuildFile; fileRef = 997E99402C127B9B006F0FB5 /* NotificationView.swift */; };
		997E994D2C127B9B006F0FB5 /* PrivacyAndPolicyView.swift in Sources */ = {isa = PBXBuildFile; fileRef = 997E99412C127B9B006F0FB5 /* PrivacyAndPolicyView.swift */; };
		997E994E2C127B9B006F0FB5 /* ProfileView.swift in Sources */ = {isa = PBXBuildFile; fileRef = 997E99422C127B9B006F0FB5 /* ProfileView.swift */; };
		997E994F2C127B9B006F0FB5 /* TermsAndConditionsView.swift in Sources */ = {isa = PBXBuildFile; fileRef = 997E99432C127B9B006F0FB5 /* TermsAndConditionsView.swift */; };
		997E99502C127B9B006F0FB5 /* AccountView.swift in Sources */ = {isa = PBXBuildFile; fileRef = 997E99452C127B9B006F0FB5 /* AccountView.swift */; };
		997E99512C127B9B006F0FB5 /* AccountViewModel.swift in Sources */ = {isa = PBXBuildFile; fileRef = 997E99462C127B9B006F0FB5 /* AccountViewModel.swift */; };
		997E99552C127BAA006F0FB5 /* CalendarView.swift in Sources */ = {isa = PBXBuildFile; fileRef = 997E99522C127BAA006F0FB5 /* CalendarView.swift */; };
		997E99562C127BAA006F0FB5 /* CalendarViewModel.swift in Sources */ = {isa = PBXBuildFile; fileRef = 997E99532C127BAA006F0FB5 /* CalendarViewModel.swift */; };
		997E99802C127DB5006F0FB5 /* TabEnum.swift in Sources */ = {isa = PBXBuildFile; fileRef = 997E997B2C127DB5006F0FB5 /* TabEnum.swift */; };
		997E99812C127DB5006F0FB5 /* RootView.swift in Sources */ = {isa = PBXBuildFile; fileRef = 997E997D2C127DB5006F0FB5 /* RootView.swift */; };
		997E99822C127DB5006F0FB5 /* RootViewModel.swift in Sources */ = {isa = PBXBuildFile; fileRef = 997E997E2C127DB5006F0FB5 /* RootViewModel.swift */; };
		997E99A42C1280D2006F0FB5 /* SectionItem.swift in Sources */ = {isa = PBXBuildFile; fileRef = 997E99A12C1280D2006F0FB5 /* SectionItem.swift */; };
		997E99A52C1280D2006F0FB5 /* UIState.swift in Sources */ = {isa = PBXBuildFile; fileRef = 997E99A22C1280D2006F0FB5 /* UIState.swift */; };
		997E99E92C13B63D006F0FB5 /* Double+Extension.swift in Sources */ = {isa = PBXBuildFile; fileRef = 997E99E52C13B63D006F0FB5 /* Double+Extension.swift */; };
		997E99EA2C13B63D006F0FB5 /* View+Extension.swift in Sources */ = {isa = PBXBuildFile; fileRef = 997E99E62C13B63D006F0FB5 /* View+Extension.swift */; };
		997E99EB2C13B63D006F0FB5 /* Date+Extension.swift in Sources */ = {isa = PBXBuildFile; fileRef = 997E99E72C13B63D006F0FB5 /* Date+Extension.swift */; };
		997E99EC2C13B63D006F0FB5 /* Calendar+Extension.swift in Sources */ = {isa = PBXBuildFile; fileRef = 997E99E82C13B63D006F0FB5 /* Calendar+Extension.swift */; };
		997E99FE2C13B678006F0FB5 /* ToggleDisclosureGroupView.swift in Sources */ = {isa = PBXBuildFile; fileRef = 997E99F22C13B678006F0FB5 /* ToggleDisclosureGroupView.swift */; };
		997E99FF2C13B678006F0FB5 /* MenuItemView.swift in Sources */ = {isa = PBXBuildFile; fileRef = 997E99F42C13B678006F0FB5 /* MenuItemView.swift */; };
		997E9A002C13B678006F0FB5 /* NavigationLinkItemView.swift in Sources */ = {isa = PBXBuildFile; fileRef = 997E99F52C13B678006F0FB5 /* NavigationLinkItemView.swift */; };
		997E9A012C13B678006F0FB5 /* ProfileItemView.swift in Sources */ = {isa = PBXBuildFile; fileRef = 997E99F62C13B678006F0FB5 /* ProfileItemView.swift */; };
		997E9A022C13B678006F0FB5 /* SegmentedItemView.swift in Sources */ = {isa = PBXBuildFile; fileRef = 997E99F72C13B678006F0FB5 /* SegmentedItemView.swift */; };
		997E9A032C13B678006F0FB5 /* TitleItemView.swift in Sources */ = {isa = PBXBuildFile; fileRef = 997E99F82C13B678006F0FB5 /* TitleItemView.swift */; };
		997E9A042C13B678006F0FB5 /* ToggleItemView.swift in Sources */ = {isa = PBXBuildFile; fileRef = 997E99F92C13B678006F0FB5 /* ToggleItemView.swift */; };
		997E9A052C13B678006F0FB5 /* DefaultView.swift in Sources */ = {isa = PBXBuildFile; fileRef = 997E99FB2C13B678006F0FB5 /* DefaultView.swift */; };
		997E9A082C13B80A006F0FB5 /* EarlyReminder.swift in Sources */ = {isa = PBXBuildFile; fileRef = 997E9A072C13B80A006F0FB5 /* EarlyReminder.swift */; };
		997E9A0A2C13C791006F0FB5 /* Repeat.swift in Sources */ = {isa = PBXBuildFile; fileRef = 997E9A092C13C791006F0FB5 /* Repeat.swift */; };
		997E9A0C2C150717006F0FB5 /* TimelineFilterView.swift in Sources */ = {isa = PBXBuildFile; fileRef = 997E9A0B2C150717006F0FB5 /* TimelineFilterView.swift */; };
		997E9A102C170EF5006F0FB5 /* Localizable.strings in Resources */ = {isa = PBXBuildFile; fileRef = 997E9A0E2C170EF5006F0FB5 /* Localizable.strings */; };
		997E9A132C170F33006F0FB5 /* NotificationService.swift in Sources */ = {isa = PBXBuildFile; fileRef = 997E9A122C170F33006F0FB5 /* NotificationService.swift */; };
		997E9A152C170F3E006F0FB5 /* NotificationServiceProtocol.swift in Sources */ = {isa = PBXBuildFile; fileRef = 997E9A142C170F3E006F0FB5 /* NotificationServiceProtocol.swift */; };
		997E9A182C18AE39006F0FB5 /* FirebaseReceiver.swift in Sources */ = {isa = PBXBuildFile; fileRef = 997E9A172C18AE39006F0FB5 /* FirebaseReceiver.swift */; };
		997E9A1C2C1B1C24006F0FB5 /* ReminderCategory.swift in Sources */ = {isa = PBXBuildFile; fileRef = 997E9A1B2C1B1C24006F0FB5 /* ReminderCategory.swift */; };
		997E9A1F2C1CCCC2006F0FB5 /* SearchTaskItemView.swift in Sources */ = {isa = PBXBuildFile; fileRef = 997E9A1E2C1CCCC2006F0FB5 /* SearchTaskItemView.swift */; };
		997E9A212C1CD296006F0FB5 /* SearchDefaultItemView.swift in Sources */ = {isa = PBXBuildFile; fileRef = 997E9A202C1CD296006F0FB5 /* SearchDefaultItemView.swift */; };
		997E9A232C1D8F3F006F0FB5 /* LifeVisionNotificationDelegate.swift in Sources */ = {isa = PBXBuildFile; fileRef = 997E9A222C1D8F3F006F0FB5 /* LifeVisionNotificationDelegate.swift */; };
		997E9A252C1DD1D2006F0FB5 /* Notification.swift in Sources */ = {isa = PBXBuildFile; fileRef = 997E9A242C1DD1D2006F0FB5 /* Notification.swift */; };
		997E9A292C1E09E1006F0FB5 /* README.md in Resources */ = {isa = PBXBuildFile; fileRef = 997E9A282C1E09E1006F0FB5 /* README.md */; };
		99EBE9532C0083A300789C9F /* Assets.xcassets in Resources */ = {isa = PBXBuildFile; fileRef = 99EBE9522C0083A300789C9F /* Assets.xcassets */; };
		99EBE9562C0083A300789C9F /* Preview Assets.xcassets in Resources */ = {isa = PBXBuildFile; fileRef = 99EBE9552C0083A300789C9F /* Preview Assets.xcassets */; };
		99EBE9602C0083A300789C9F /* Life_VisionTests.swift in Sources */ = {isa = PBXBuildFile; fileRef = 99EBE95F2C0083A300789C9F /* Life_VisionTests.swift */; };
		99EBE96A2C0083A300789C9F /* Life_VisionUITests.swift in Sources */ = {isa = PBXBuildFile; fileRef = 99EBE9692C0083A300789C9F /* Life_VisionUITests.swift */; };
		99EBE96C2C0083A300789C9F /* Life_VisionUITestsLaunchTests.swift in Sources */ = {isa = PBXBuildFile; fileRef = 99EBE96B2C0083A300789C9F /* Life_VisionUITestsLaunchTests.swift */; };
		99EBE97A2C00845300789C9F /* LifeVisionAppDelegate.swift in Sources */ = {isa = PBXBuildFile; fileRef = 99EBE9792C00845300789C9F /* LifeVisionAppDelegate.swift */; };
		99EBE9852C00864000789C9F /* UserDefaults+Extension.swift in Sources */ = {isa = PBXBuildFile; fileRef = 99EBE9842C00864000789C9F /* UserDefaults+Extension.swift */; };
		99EBE99F2C00876200789C9F /* Language.swift in Sources */ = {isa = PBXBuildFile; fileRef = 99EBE99E2C00876200789C9F /* Language.swift */; };
		99EBEA052C00CF4C00789C9F /* LifeVisionApp.swift in Sources */ = {isa = PBXBuildFile; fileRef = 99EBEA042C00CF4C00789C9F /* LifeVisionApp.swift */; };
		99EBEA072C01352700789C9F /* Theme.swift in Sources */ = {isa = PBXBuildFile; fileRef = 99EBEA062C01352700789C9F /* Theme.swift */; };
		99EBEA0A2C013A1700789C9F /* FirebaseAuth in Frameworks */ = {isa = PBXBuildFile; productRef = 99EBEA092C013A1700789C9F /* FirebaseAuth */; };
		99EBEA0C2C013A1700789C9F /* FirebaseFirestore in Frameworks */ = {isa = PBXBuildFile; productRef = 99EBEA0B2C013A1700789C9F /* FirebaseFirestore */; };
		99EBEA0E2C013A1700789C9F /* FirebaseStorage in Frameworks */ = {isa = PBXBuildFile; productRef = 99EBEA0D2C013A1700789C9F /* FirebaseStorage */; };
		99EBEA102C013AC700789C9F /* GoogleService-Info.plist in Resources */ = {isa = PBXBuildFile; fileRef = 99EBEA0F2C013AC700789C9F /* GoogleService-Info.plist */; };
		99EBEA152C013FFF00789C9F /* UserRemoteService.swift in Sources */ = {isa = PBXBuildFile; fileRef = 99EBEA142C013FFF00789C9F /* UserRemoteService.swift */; };
		99EBEA1C2C0140EF00789C9F /* Theme+Extension.swift in Sources */ = {isa = PBXBuildFile; fileRef = 99EBE9DD2C008AEB00789C9F /* Theme+Extension.swift */; };
		99EBEA1E2C01417500789C9F /* UserRemoteServiceProtocol.swift in Sources */ = {isa = PBXBuildFile; fileRef = 99EBEA1D2C01417500789C9F /* UserRemoteServiceProtocol.swift */; };
		99EBEA202C01420000789C9F /* User.swift in Sources */ = {isa = PBXBuildFile; fileRef = 99EBEA1F2C01420000789C9F /* User.swift */; };
		99EBEA222C01428E00789C9F /* ServiceType.swift in Sources */ = {isa = PBXBuildFile; fileRef = 99EBEA212C01428E00789C9F /* ServiceType.swift */; };
		99EBEA242C0142A800789C9F /* ServiceContainer.swift in Sources */ = {isa = PBXBuildFile; fileRef = 99EBEA232C0142A700789C9F /* ServiceContainer.swift */; };
		99EBEA262C0142D500789C9F /* DependencyPropertyWrapper.swift in Sources */ = {isa = PBXBuildFile; fileRef = 99EBEA252C0142D500789C9F /* DependencyPropertyWrapper.swift */; };
		99EBEA292C0144A800789C9F /* AuthRemoteService.swift in Sources */ = {isa = PBXBuildFile; fileRef = 99EBEA282C0144A800789C9F /* AuthRemoteService.swift */; };
		99EBEA2B2C0144AF00789C9F /* AuthRemoteServiceProtocol.swift in Sources */ = {isa = PBXBuildFile; fileRef = 99EBEA2A2C0144AF00789C9F /* AuthRemoteServiceProtocol.swift */; };
		99EBEA2D2C0146EC00789C9F /* Auth.swift in Sources */ = {isa = PBXBuildFile; fileRef = 99EBEA2C2C0146EC00789C9F /* Auth.swift */; };
		99EBEA302C014D8000789C9F /* Reminder.swift in Sources */ = {isa = PBXBuildFile; fileRef = 99EBEA2F2C014D8000789C9F /* Reminder.swift */; };
		99EBEA342C014DA400789C9F /* ReminderRemoteServiceProtocol.swift in Sources */ = {isa = PBXBuildFile; fileRef = 99EBEA332C014DA400789C9F /* ReminderRemoteServiceProtocol.swift */; };
		99F8B38A2C01CC610082A453 /* FirebaseConstant.swift in Sources */ = {isa = PBXBuildFile; fileRef = 99F8B3892C01CC610082A453 /* FirebaseConstant.swift */; };
		99F8B38D2C01D2660082A453 /* StorageRemoteService.swift in Sources */ = {isa = PBXBuildFile; fileRef = 99F8B38C2C01D2660082A453 /* StorageRemoteService.swift */; };
		99F8B38F2C01D2720082A453 /* StorageRemoteServiceProtocol.swift in Sources */ = {isa = PBXBuildFile; fileRef = 99F8B38E2C01D2720082A453 /* StorageRemoteServiceProtocol.swift */; };
		99F8B3922C01E0FC0082A453 /* Preferences.swift in Sources */ = {isa = PBXBuildFile; fileRef = 99F8B3912C01E0FC0082A453 /* Preferences.swift */; };
		99F8B3992C0237B90082A453 /* UserErrorCallback.swift in Sources */ = {isa = PBXBuildFile; fileRef = 99F8B3982C0237B90082A453 /* UserErrorCallback.swift */; };
		99F8B3A12C067DDB0082A453 /* AuthLocalService.swift in Sources */ = {isa = PBXBuildFile; fileRef = 99F8B3A02C067DDB0082A453 /* AuthLocalService.swift */; };
		99F8B3A32C067DF00082A453 /* AuthLocalServiceProtocol.swift in Sources */ = {isa = PBXBuildFile; fileRef = 99F8B3A22C067DF00082A453 /* AuthLocalServiceProtocol.swift */; };
		99F8B3A62C067E9B0082A453 /* AuthErrorCallback.swift in Sources */ = {isa = PBXBuildFile; fileRef = 99F8B3A52C067E9B0082A453 /* AuthErrorCallback.swift */; };
		99F8B3AA2C067F420082A453 /* UserLocalService.swift in Sources */ = {isa = PBXBuildFile; fileRef = 99F8B3A92C067F420082A453 /* UserLocalService.swift */; };
		99F8B3AC2C067F510082A453 /* UserLocalServiceProtocol.swift in Sources */ = {isa = PBXBuildFile; fileRef = 99F8B3AB2C067F510082A453 /* UserLocalServiceProtocol.swift */; };
		99F8B3AF2C0681810082A453 /* ReminderErrorCallback.swift in Sources */ = {isa = PBXBuildFile; fileRef = 99F8B3AE2C0681810082A453 /* ReminderErrorCallback.swift */; };
		99F8B3B22C0681DA0082A453 /* ReminderLocalServiceProtocol.swift in Sources */ = {isa = PBXBuildFile; fileRef = 99F8B3B12C0681DA0082A453 /* ReminderLocalServiceProtocol.swift */; };
		99F8B3B42C0681E50082A453 /* ReminderLocalService.swift in Sources */ = {isa = PBXBuildFile; fileRef = 99F8B3B32C0681E50082A453 /* ReminderLocalService.swift */; };
		99F8B3B72C06820F0082A453 /* StorageErrorCallback.swift in Sources */ = {isa = PBXBuildFile; fileRef = 99F8B3B62C06820F0082A453 /* StorageErrorCallback.swift */; };
		99F8B3BB2C0738150082A453 /* StorageLocalService.swift in Sources */ = {isa = PBXBuildFile; fileRef = 99F8B3BA2C0738150082A453 /* StorageLocalService.swift */; };
		99F8B3BD2C07381F0082A453 /* StorageLocalServiceProtocol.swift in Sources */ = {isa = PBXBuildFile; fileRef = 99F8B3BC2C07381F0082A453 /* StorageLocalServiceProtocol.swift */; };
		99F8B3BF2C07398E0082A453 /* UserRepository.swift in Sources */ = {isa = PBXBuildFile; fileRef = 99F8B3BE2C07398E0082A453 /* UserRepository.swift */; };
		99F8B3C22C0739B20082A453 /* UserRepositoryProtocol.swift in Sources */ = {isa = PBXBuildFile; fileRef = 99F8B3C12C0739B20082A453 /* UserRepositoryProtocol.swift */; };
		99F8B3C52C073DB10082A453 /* ReminderRepository.swift in Sources */ = {isa = PBXBuildFile; fileRef = 99F8B3C42C073DB10082A453 /* ReminderRepository.swift */; };
		99F8B3C72C073DBA0082A453 /* ReminderRepositoryProtocol.swift in Sources */ = {isa = PBXBuildFile; fileRef = 99F8B3C62C073DBA0082A453 /* ReminderRepositoryProtocol.swift */; };
		99F8B3C92C0750B00082A453 /* ReminderRemoteService.swift in Sources */ = {isa = PBXBuildFile; fileRef = 99F8B3C82C0750B00082A453 /* ReminderRemoteService.swift */; };
/* End PBXBuildFile section */

/* Begin PBXContainerItemProxy section */
		99EBE95C2C0083A300789C9F /* PBXContainerItemProxy */ = {
			isa = PBXContainerItemProxy;
			containerPortal = 99EBE9432C0083A200789C9F /* Project object */;
			proxyType = 1;
			remoteGlobalIDString = 99EBE94A2C0083A200789C9F;
			remoteInfo = "Life Vision";
		};
		99EBE9662C0083A300789C9F /* PBXContainerItemProxy */ = {
			isa = PBXContainerItemProxy;
			containerPortal = 99EBE9432C0083A200789C9F /* Project object */;
			proxyType = 1;
			remoteGlobalIDString = 99EBE94A2C0083A200789C9F;
			remoteInfo = "Life Vision";
		};
/* End PBXContainerItemProxy section */

/* Begin PBXFileReference section */
		9904E3FA2C0D2B5900172593 /* CalendarService.swift */ = {isa = PBXFileReference; lastKnownFileType = sourcecode.swift; path = CalendarService.swift; sourceTree = "<group>"; };
		9904E3FC2C0D2B6F00172593 /* CalendarServiceProtocol.swift */ = {isa = PBXFileReference; lastKnownFileType = sourcecode.swift; path = CalendarServiceProtocol.swift; sourceTree = "<group>"; };
		997E99012C127AE2006F0FB5 /* TimelineDividerView.swift */ = {isa = PBXFileReference; fileEncoding = 4; lastKnownFileType = sourcecode.swift; path = TimelineDividerView.swift; sourceTree = "<group>"; };
		997E99022C127AE2006F0FB5 /* TimelineHourView.swift */ = {isa = PBXFileReference; fileEncoding = 4; lastKnownFileType = sourcecode.swift; path = TimelineHourView.swift; sourceTree = "<group>"; };
		997E99032C127AE2006F0FB5 /* TimelineNowView.swift */ = {isa = PBXFileReference; fileEncoding = 4; lastKnownFileType = sourcecode.swift; path = TimelineNowView.swift; sourceTree = "<group>"; };
		997E99042C127AE2006F0FB5 /* TimelineTaskView.swift */ = {isa = PBXFileReference; fileEncoding = 4; lastKnownFileType = sourcecode.swift; path = TimelineTaskView.swift; sourceTree = "<group>"; };
		997E99062C127AE2006F0FB5 /* TimelineLayout.swift */ = {isa = PBXFileReference; fileEncoding = 4; lastKnownFileType = sourcecode.swift; path = TimelineLayout.swift; sourceTree = "<group>"; };
		997E99082C127AE2006F0FB5 /* TimelineGraphicView.swift */ = {isa = PBXFileReference; fileEncoding = 4; lastKnownFileType = sourcecode.swift; path = TimelineGraphicView.swift; sourceTree = "<group>"; };
		997E99092C127AE2006F0FB5 /* TimelineHeaderView.swift */ = {isa = PBXFileReference; fileEncoding = 4; lastKnownFileType = sourcecode.swift; path = TimelineHeaderView.swift; sourceTree = "<group>"; };
		997E990B2C127AE2006F0FB5 /* Timeline.swift */ = {isa = PBXFileReference; fileEncoding = 4; lastKnownFileType = sourcecode.swift; path = Timeline.swift; sourceTree = "<group>"; };
		997E990F2C127AE2006F0FB5 /* HomeView.swift */ = {isa = PBXFileReference; fileEncoding = 4; lastKnownFileType = sourcecode.swift; path = HomeView.swift; sourceTree = "<group>"; };
		997E99102C127AE2006F0FB5 /* HomeViewModel.swift */ = {isa = PBXFileReference; fileEncoding = 4; lastKnownFileType = sourcecode.swift; path = HomeViewModel.swift; sourceTree = "<group>"; };
		997E99242C127B7C006F0FB5 /* ReminderSectionConstant.swift */ = {isa = PBXFileReference; fileEncoding = 4; lastKnownFileType = sourcecode.swift; path = ReminderSectionConstant.swift; sourceTree = "<group>"; };
		997E99262C127B7C006F0FB5 /* ReminderDestination.swift */ = {isa = PBXFileReference; fileEncoding = 4; lastKnownFileType = sourcecode.swift; path = ReminderDestination.swift; sourceTree = "<group>"; };
		997E99282C127B7C006F0FB5 /* RepeatView.swift */ = {isa = PBXFileReference; fileEncoding = 4; lastKnownFileType = sourcecode.swift; path = RepeatView.swift; sourceTree = "<group>"; };
		997E99292C127B7C006F0FB5 /* TagsView.swift */ = {isa = PBXFileReference; fileEncoding = 4; lastKnownFileType = sourcecode.swift; path = TagsView.swift; sourceTree = "<group>"; };
		997E992B2C127B7C006F0FB5 /* ReminderView.swift */ = {isa = PBXFileReference; fileEncoding = 4; lastKnownFileType = sourcecode.swift; path = ReminderView.swift; sourceTree = "<group>"; };
		997E992C2C127B7C006F0FB5 /* ReminderViewModel.swift */ = {isa = PBXFileReference; fileEncoding = 4; lastKnownFileType = sourcecode.swift; path = ReminderViewModel.swift; sourceTree = "<group>"; };
		997E99342C127B8D006F0FB5 /* SearchView.swift */ = {isa = PBXFileReference; fileEncoding = 4; lastKnownFileType = sourcecode.swift; path = SearchView.swift; sourceTree = "<group>"; };
		997E99352C127B8D006F0FB5 /* SearchViewModel.swift */ = {isa = PBXFileReference; fileEncoding = 4; lastKnownFileType = sourcecode.swift; path = SearchViewModel.swift; sourceTree = "<group>"; };
		997E99392C127B9B006F0FB5 /* AccountSectionConstant.swift */ = {isa = PBXFileReference; fileEncoding = 4; lastKnownFileType = sourcecode.swift; path = AccountSectionConstant.swift; sourceTree = "<group>"; };
		997E993B2C127B9B006F0FB5 /* AccountDestination.swift */ = {isa = PBXFileReference; fileEncoding = 4; lastKnownFileType = sourcecode.swift; path = AccountDestination.swift; sourceTree = "<group>"; };
		997E993E2C127B9B006F0FB5 /* AboutUsView.swift */ = {isa = PBXFileReference; fileEncoding = 4; lastKnownFileType = sourcecode.swift; path = AboutUsView.swift; sourceTree = "<group>"; };
		997E993F2C127B9B006F0FB5 /* LanguageView.swift */ = {isa = PBXFileReference; fileEncoding = 4; lastKnownFileType = sourcecode.swift; path = LanguageView.swift; sourceTree = "<group>"; };
		997E99402C127B9B006F0FB5 /* NotificationView.swift */ = {isa = PBXFileReference; fileEncoding = 4; lastKnownFileType = sourcecode.swift; path = NotificationView.swift; sourceTree = "<group>"; };
		997E99412C127B9B006F0FB5 /* PrivacyAndPolicyView.swift */ = {isa = PBXFileReference; fileEncoding = 4; lastKnownFileType = sourcecode.swift; path = PrivacyAndPolicyView.swift; sourceTree = "<group>"; };
		997E99422C127B9B006F0FB5 /* ProfileView.swift */ = {isa = PBXFileReference; fileEncoding = 4; lastKnownFileType = sourcecode.swift; path = ProfileView.swift; sourceTree = "<group>"; };
		997E99432C127B9B006F0FB5 /* TermsAndConditionsView.swift */ = {isa = PBXFileReference; fileEncoding = 4; lastKnownFileType = sourcecode.swift; path = TermsAndConditionsView.swift; sourceTree = "<group>"; };
		997E99452C127B9B006F0FB5 /* AccountView.swift */ = {isa = PBXFileReference; fileEncoding = 4; lastKnownFileType = sourcecode.swift; path = AccountView.swift; sourceTree = "<group>"; };
		997E99462C127B9B006F0FB5 /* AccountViewModel.swift */ = {isa = PBXFileReference; fileEncoding = 4; lastKnownFileType = sourcecode.swift; path = AccountViewModel.swift; sourceTree = "<group>"; };
		997E99522C127BAA006F0FB5 /* CalendarView.swift */ = {isa = PBXFileReference; fileEncoding = 4; lastKnownFileType = sourcecode.swift; path = CalendarView.swift; sourceTree = "<group>"; };
		997E99532C127BAA006F0FB5 /* CalendarViewModel.swift */ = {isa = PBXFileReference; fileEncoding = 4; lastKnownFileType = sourcecode.swift; path = CalendarViewModel.swift; sourceTree = "<group>"; };
		997E997B2C127DB5006F0FB5 /* TabEnum.swift */ = {isa = PBXFileReference; fileEncoding = 4; lastKnownFileType = sourcecode.swift; path = TabEnum.swift; sourceTree = "<group>"; };
		997E997D2C127DB5006F0FB5 /* RootView.swift */ = {isa = PBXFileReference; fileEncoding = 4; lastKnownFileType = sourcecode.swift; path = RootView.swift; sourceTree = "<group>"; };
		997E997E2C127DB5006F0FB5 /* RootViewModel.swift */ = {isa = PBXFileReference; fileEncoding = 4; lastKnownFileType = sourcecode.swift; path = RootViewModel.swift; sourceTree = "<group>"; };
		997E99A12C1280D2006F0FB5 /* SectionItem.swift */ = {isa = PBXFileReference; fileEncoding = 4; lastKnownFileType = sourcecode.swift; path = SectionItem.swift; sourceTree = "<group>"; };
		997E99A22C1280D2006F0FB5 /* UIState.swift */ = {isa = PBXFileReference; fileEncoding = 4; lastKnownFileType = sourcecode.swift; path = UIState.swift; sourceTree = "<group>"; };
		997E99E52C13B63D006F0FB5 /* Double+Extension.swift */ = {isa = PBXFileReference; fileEncoding = 4; lastKnownFileType = sourcecode.swift; name = "Double+Extension.swift"; path = "Life Vision/Feature/Utils/Extension/Double+Extension.swift"; sourceTree = SOURCE_ROOT; };
		997E99E62C13B63D006F0FB5 /* View+Extension.swift */ = {isa = PBXFileReference; fileEncoding = 4; lastKnownFileType = sourcecode.swift; name = "View+Extension.swift"; path = "Life Vision/Feature/Utils/Extension/View+Extension.swift"; sourceTree = SOURCE_ROOT; };
		997E99E72C13B63D006F0FB5 /* Date+Extension.swift */ = {isa = PBXFileReference; fileEncoding = 4; lastKnownFileType = sourcecode.swift; name = "Date+Extension.swift"; path = "Life Vision/Feature/Utils/Extension/Date+Extension.swift"; sourceTree = SOURCE_ROOT; };
		997E99E82C13B63D006F0FB5 /* Calendar+Extension.swift */ = {isa = PBXFileReference; fileEncoding = 4; lastKnownFileType = sourcecode.swift; name = "Calendar+Extension.swift"; path = "Life Vision/Feature/Utils/Extension/Calendar+Extension.swift"; sourceTree = SOURCE_ROOT; };
		997E99F22C13B678006F0FB5 /* ToggleDisclosureGroupView.swift */ = {isa = PBXFileReference; fileEncoding = 4; lastKnownFileType = sourcecode.swift; path = ToggleDisclosureGroupView.swift; sourceTree = "<group>"; };
		997E99F42C13B678006F0FB5 /* MenuItemView.swift */ = {isa = PBXFileReference; fileEncoding = 4; lastKnownFileType = sourcecode.swift; path = MenuItemView.swift; sourceTree = "<group>"; };
		997E99F52C13B678006F0FB5 /* NavigationLinkItemView.swift */ = {isa = PBXFileReference; fileEncoding = 4; lastKnownFileType = sourcecode.swift; path = NavigationLinkItemView.swift; sourceTree = "<group>"; };
		997E99F62C13B678006F0FB5 /* ProfileItemView.swift */ = {isa = PBXFileReference; fileEncoding = 4; lastKnownFileType = sourcecode.swift; path = ProfileItemView.swift; sourceTree = "<group>"; };
		997E99F72C13B678006F0FB5 /* SegmentedItemView.swift */ = {isa = PBXFileReference; fileEncoding = 4; lastKnownFileType = sourcecode.swift; path = SegmentedItemView.swift; sourceTree = "<group>"; };
		997E99F82C13B678006F0FB5 /* TitleItemView.swift */ = {isa = PBXFileReference; fileEncoding = 4; lastKnownFileType = sourcecode.swift; path = TitleItemView.swift; sourceTree = "<group>"; };
		997E99F92C13B678006F0FB5 /* ToggleItemView.swift */ = {isa = PBXFileReference; fileEncoding = 4; lastKnownFileType = sourcecode.swift; path = ToggleItemView.swift; sourceTree = "<group>"; };
		997E99FB2C13B678006F0FB5 /* DefaultView.swift */ = {isa = PBXFileReference; fileEncoding = 4; lastKnownFileType = sourcecode.swift; path = DefaultView.swift; sourceTree = "<group>"; };
		997E9A072C13B80A006F0FB5 /* EarlyReminder.swift */ = {isa = PBXFileReference; lastKnownFileType = sourcecode.swift; path = EarlyReminder.swift; sourceTree = "<group>"; };
		997E9A092C13C791006F0FB5 /* Repeat.swift */ = {isa = PBXFileReference; lastKnownFileType = sourcecode.swift; path = Repeat.swift; sourceTree = "<group>"; };
		997E9A0B2C150717006F0FB5 /* TimelineFilterView.swift */ = {isa = PBXFileReference; lastKnownFileType = sourcecode.swift; path = TimelineFilterView.swift; sourceTree = "<group>"; };
		997E9A0F2C170EF5006F0FB5 /* en */ = {isa = PBXFileReference; lastKnownFileType = text.plist.strings; name = en; path = en.lproj/Localizable.strings; sourceTree = "<group>"; };
		997E9A112C170F1D006F0FB5 /* tr */ = {isa = PBXFileReference; lastKnownFileType = text.plist.strings; name = tr; path = tr.lproj/Localizable.strings; sourceTree = "<group>"; };
		997E9A122C170F33006F0FB5 /* NotificationService.swift */ = {isa = PBXFileReference; lastKnownFileType = sourcecode.swift; path = NotificationService.swift; sourceTree = "<group>"; };
		997E9A142C170F3E006F0FB5 /* NotificationServiceProtocol.swift */ = {isa = PBXFileReference; lastKnownFileType = sourcecode.swift; path = NotificationServiceProtocol.swift; sourceTree = "<group>"; };
		997E9A172C18AE39006F0FB5 /* FirebaseReceiver.swift */ = {isa = PBXFileReference; lastKnownFileType = sourcecode.swift; path = FirebaseReceiver.swift; sourceTree = "<group>"; };
		997E9A1B2C1B1C24006F0FB5 /* ReminderCategory.swift */ = {isa = PBXFileReference; lastKnownFileType = sourcecode.swift; path = ReminderCategory.swift; sourceTree = "<group>"; };
		997E9A1E2C1CCCC2006F0FB5 /* SearchTaskItemView.swift */ = {isa = PBXFileReference; lastKnownFileType = sourcecode.swift; path = SearchTaskItemView.swift; sourceTree = "<group>"; };
		997E9A202C1CD296006F0FB5 /* SearchDefaultItemView.swift */ = {isa = PBXFileReference; lastKnownFileType = sourcecode.swift; path = SearchDefaultItemView.swift; sourceTree = "<group>"; };
		997E9A222C1D8F3F006F0FB5 /* LifeVisionNotificationDelegate.swift */ = {isa = PBXFileReference; lastKnownFileType = sourcecode.swift; path = LifeVisionNotificationDelegate.swift; sourceTree = "<group>"; };
		997E9A242C1DD1D2006F0FB5 /* Notification.swift */ = {isa = PBXFileReference; lastKnownFileType = sourcecode.swift; path = Notification.swift; sourceTree = "<group>"; };
		997E9A282C1E09E1006F0FB5 /* README.md */ = {isa = PBXFileReference; lastKnownFileType = net.daringfireball.markdown; path = README.md; sourceTree = "<group>"; };
		99EBE94B2C0083A200789C9F /* Life Vision.app */ = {isa = PBXFileReference; explicitFileType = wrapper.application; includeInIndex = 0; path = "Life Vision.app"; sourceTree = BUILT_PRODUCTS_DIR; };
		99EBE9522C0083A300789C9F /* Assets.xcassets */ = {isa = PBXFileReference; lastKnownFileType = folder.assetcatalog; path = Assets.xcassets; sourceTree = "<group>"; };
		99EBE9552C0083A300789C9F /* Preview Assets.xcassets */ = {isa = PBXFileReference; lastKnownFileType = folder.assetcatalog; path = "Preview Assets.xcassets"; sourceTree = "<group>"; };
		99EBE95B2C0083A300789C9F /* Life VisionTests.xctest */ = {isa = PBXFileReference; explicitFileType = wrapper.cfbundle; includeInIndex = 0; path = "Life VisionTests.xctest"; sourceTree = BUILT_PRODUCTS_DIR; };
		99EBE95F2C0083A300789C9F /* Life_VisionTests.swift */ = {isa = PBXFileReference; lastKnownFileType = sourcecode.swift; path = Life_VisionTests.swift; sourceTree = "<group>"; };
		99EBE9652C0083A300789C9F /* Life VisionUITests.xctest */ = {isa = PBXFileReference; explicitFileType = wrapper.cfbundle; includeInIndex = 0; path = "Life VisionUITests.xctest"; sourceTree = BUILT_PRODUCTS_DIR; };
		99EBE9692C0083A300789C9F /* Life_VisionUITests.swift */ = {isa = PBXFileReference; lastKnownFileType = sourcecode.swift; path = Life_VisionUITests.swift; sourceTree = "<group>"; };
		99EBE96B2C0083A300789C9F /* Life_VisionUITestsLaunchTests.swift */ = {isa = PBXFileReference; lastKnownFileType = sourcecode.swift; path = Life_VisionUITestsLaunchTests.swift; sourceTree = "<group>"; };
		99EBE9792C00845300789C9F /* LifeVisionAppDelegate.swift */ = {isa = PBXFileReference; lastKnownFileType = sourcecode.swift; path = LifeVisionAppDelegate.swift; sourceTree = "<group>"; };
		99EBE9842C00864000789C9F /* UserDefaults+Extension.swift */ = {isa = PBXFileReference; lastKnownFileType = sourcecode.swift; path = "UserDefaults+Extension.swift"; sourceTree = "<group>"; };
		99EBE99E2C00876200789C9F /* Language.swift */ = {isa = PBXFileReference; lastKnownFileType = sourcecode.swift; path = Language.swift; sourceTree = "<group>"; };
		99EBE9DD2C008AEB00789C9F /* Theme+Extension.swift */ = {isa = PBXFileReference; lastKnownFileType = sourcecode.swift; path = "Theme+Extension.swift"; sourceTree = "<group>"; };
		99EBEA042C00CF4C00789C9F /* LifeVisionApp.swift */ = {isa = PBXFileReference; lastKnownFileType = sourcecode.swift; path = LifeVisionApp.swift; sourceTree = "<group>"; };
		99EBEA062C01352700789C9F /* Theme.swift */ = {isa = PBXFileReference; lastKnownFileType = sourcecode.swift; path = Theme.swift; sourceTree = "<group>"; };
		99EBEA0F2C013AC700789C9F /* GoogleService-Info.plist */ = {isa = PBXFileReference; fileEncoding = 4; lastKnownFileType = text.plist.xml; name = "GoogleService-Info.plist"; path = "../../../Downloads/GoogleService-Info.plist"; sourceTree = "<group>"; };
		99EBEA142C013FFF00789C9F /* UserRemoteService.swift */ = {isa = PBXFileReference; lastKnownFileType = sourcecode.swift; path = UserRemoteService.swift; sourceTree = "<group>"; };
		99EBEA1D2C01417500789C9F /* UserRemoteServiceProtocol.swift */ = {isa = PBXFileReference; lastKnownFileType = sourcecode.swift; path = UserRemoteServiceProtocol.swift; sourceTree = "<group>"; };
		99EBEA1F2C01420000789C9F /* User.swift */ = {isa = PBXFileReference; lastKnownFileType = sourcecode.swift; path = User.swift; sourceTree = "<group>"; };
		99EBEA212C01428E00789C9F /* ServiceType.swift */ = {isa = PBXFileReference; lastKnownFileType = sourcecode.swift; path = ServiceType.swift; sourceTree = "<group>"; };
		99EBEA232C0142A700789C9F /* ServiceContainer.swift */ = {isa = PBXFileReference; lastKnownFileType = sourcecode.swift; path = ServiceContainer.swift; sourceTree = "<group>"; };
		99EBEA252C0142D500789C9F /* DependencyPropertyWrapper.swift */ = {isa = PBXFileReference; lastKnownFileType = sourcecode.swift; path = DependencyPropertyWrapper.swift; sourceTree = "<group>"; };
		99EBEA282C0144A800789C9F /* AuthRemoteService.swift */ = {isa = PBXFileReference; lastKnownFileType = sourcecode.swift; path = AuthRemoteService.swift; sourceTree = "<group>"; };
		99EBEA2A2C0144AF00789C9F /* AuthRemoteServiceProtocol.swift */ = {isa = PBXFileReference; lastKnownFileType = sourcecode.swift; path = AuthRemoteServiceProtocol.swift; sourceTree = "<group>"; };
		99EBEA2C2C0146EC00789C9F /* Auth.swift */ = {isa = PBXFileReference; lastKnownFileType = sourcecode.swift; path = Auth.swift; sourceTree = "<group>"; };
		99EBEA2F2C014D8000789C9F /* Reminder.swift */ = {isa = PBXFileReference; lastKnownFileType = sourcecode.swift; path = Reminder.swift; sourceTree = "<group>"; };
		99EBEA332C014DA400789C9F /* ReminderRemoteServiceProtocol.swift */ = {isa = PBXFileReference; lastKnownFileType = sourcecode.swift; path = ReminderRemoteServiceProtocol.swift; sourceTree = "<group>"; };
		99F8B3892C01CC610082A453 /* FirebaseConstant.swift */ = {isa = PBXFileReference; lastKnownFileType = sourcecode.swift; path = FirebaseConstant.swift; sourceTree = "<group>"; };
		99F8B38C2C01D2660082A453 /* StorageRemoteService.swift */ = {isa = PBXFileReference; lastKnownFileType = sourcecode.swift; path = StorageRemoteService.swift; sourceTree = "<group>"; };
		99F8B38E2C01D2720082A453 /* StorageRemoteServiceProtocol.swift */ = {isa = PBXFileReference; lastKnownFileType = sourcecode.swift; path = StorageRemoteServiceProtocol.swift; sourceTree = "<group>"; };
		99F8B3912C01E0FC0082A453 /* Preferences.swift */ = {isa = PBXFileReference; lastKnownFileType = sourcecode.swift; path = Preferences.swift; sourceTree = "<group>"; };
		99F8B3982C0237B90082A453 /* UserErrorCallback.swift */ = {isa = PBXFileReference; lastKnownFileType = sourcecode.swift; path = UserErrorCallback.swift; sourceTree = "<group>"; };
		99F8B3A02C067DDB0082A453 /* AuthLocalService.swift */ = {isa = PBXFileReference; lastKnownFileType = sourcecode.swift; path = AuthLocalService.swift; sourceTree = "<group>"; };
		99F8B3A22C067DF00082A453 /* AuthLocalServiceProtocol.swift */ = {isa = PBXFileReference; lastKnownFileType = sourcecode.swift; path = AuthLocalServiceProtocol.swift; sourceTree = "<group>"; };
		99F8B3A52C067E9B0082A453 /* AuthErrorCallback.swift */ = {isa = PBXFileReference; lastKnownFileType = sourcecode.swift; path = AuthErrorCallback.swift; sourceTree = "<group>"; };
		99F8B3A92C067F420082A453 /* UserLocalService.swift */ = {isa = PBXFileReference; lastKnownFileType = sourcecode.swift; path = UserLocalService.swift; sourceTree = "<group>"; };
		99F8B3AB2C067F510082A453 /* UserLocalServiceProtocol.swift */ = {isa = PBXFileReference; lastKnownFileType = sourcecode.swift; path = UserLocalServiceProtocol.swift; sourceTree = "<group>"; };
		99F8B3AE2C0681810082A453 /* ReminderErrorCallback.swift */ = {isa = PBXFileReference; lastKnownFileType = sourcecode.swift; path = ReminderErrorCallback.swift; sourceTree = "<group>"; };
		99F8B3B12C0681DA0082A453 /* ReminderLocalServiceProtocol.swift */ = {isa = PBXFileReference; lastKnownFileType = sourcecode.swift; path = ReminderLocalServiceProtocol.swift; sourceTree = "<group>"; };
		99F8B3B32C0681E50082A453 /* ReminderLocalService.swift */ = {isa = PBXFileReference; lastKnownFileType = sourcecode.swift; path = ReminderLocalService.swift; sourceTree = "<group>"; };
		99F8B3B62C06820F0082A453 /* StorageErrorCallback.swift */ = {isa = PBXFileReference; lastKnownFileType = sourcecode.swift; path = StorageErrorCallback.swift; sourceTree = "<group>"; };
		99F8B3BA2C0738150082A453 /* StorageLocalService.swift */ = {isa = PBXFileReference; lastKnownFileType = sourcecode.swift; path = StorageLocalService.swift; sourceTree = "<group>"; };
		99F8B3BC2C07381F0082A453 /* StorageLocalServiceProtocol.swift */ = {isa = PBXFileReference; lastKnownFileType = sourcecode.swift; path = StorageLocalServiceProtocol.swift; sourceTree = "<group>"; };
		99F8B3BE2C07398E0082A453 /* UserRepository.swift */ = {isa = PBXFileReference; lastKnownFileType = sourcecode.swift; path = UserRepository.swift; sourceTree = "<group>"; };
		99F8B3C12C0739B20082A453 /* UserRepositoryProtocol.swift */ = {isa = PBXFileReference; lastKnownFileType = sourcecode.swift; path = UserRepositoryProtocol.swift; sourceTree = "<group>"; };
		99F8B3C42C073DB10082A453 /* ReminderRepository.swift */ = {isa = PBXFileReference; lastKnownFileType = sourcecode.swift; path = ReminderRepository.swift; sourceTree = "<group>"; };
		99F8B3C62C073DBA0082A453 /* ReminderRepositoryProtocol.swift */ = {isa = PBXFileReference; lastKnownFileType = sourcecode.swift; path = ReminderRepositoryProtocol.swift; sourceTree = "<group>"; };
		99F8B3C82C0750B00082A453 /* ReminderRemoteService.swift */ = {isa = PBXFileReference; lastKnownFileType = sourcecode.swift; path = ReminderRemoteService.swift; sourceTree = "<group>"; };
/* End PBXFileReference section */

/* Begin PBXFrameworksBuildPhase section */
		99EBE9482C0083A200789C9F /* Frameworks */ = {
			isa = PBXFrameworksBuildPhase;
			buildActionMask = 2147483647;
			files = (
				99EBEA0A2C013A1700789C9F /* FirebaseAuth in Frameworks */,
				99EBEA0C2C013A1700789C9F /* FirebaseFirestore in Frameworks */,
				99EBEA0E2C013A1700789C9F /* FirebaseStorage in Frameworks */,
			);
			runOnlyForDeploymentPostprocessing = 0;
		};
		99EBE9582C0083A300789C9F /* Frameworks */ = {
			isa = PBXFrameworksBuildPhase;
			buildActionMask = 2147483647;
			files = (
			);
			runOnlyForDeploymentPostprocessing = 0;
		};
		99EBE9622C0083A300789C9F /* Frameworks */ = {
			isa = PBXFrameworksBuildPhase;
			buildActionMask = 2147483647;
			files = (
			);
			runOnlyForDeploymentPostprocessing = 0;
		};
/* End PBXFrameworksBuildPhase section */

/* Begin PBXGroup section */
		9904E3F92C0D2B3900172593 /* Calendar */ = {
			isa = PBXGroup;
			children = (
				9904E3FA2C0D2B5900172593 /* CalendarService.swift */,
				9904E3FC2C0D2B6F00172593 /* CalendarServiceProtocol.swift */,
			);
			path = Calendar;
			sourceTree = "<group>";
		};
		997E99052C127AE2006F0FB5 /* Component */ = {
			isa = PBXGroup;
			children = (
				997E99022C127AE2006F0FB5 /* TimelineHourView.swift */,
				997E99032C127AE2006F0FB5 /* TimelineNowView.swift */,
				997E99042C127AE2006F0FB5 /* TimelineTaskView.swift */,
				997E99012C127AE2006F0FB5 /* TimelineDividerView.swift */,
			);
			path = Component;
			sourceTree = "<group>";
		};
		997E99072C127AE2006F0FB5 /* Layout */ = {
			isa = PBXGroup;
			children = (
				997E99062C127AE2006F0FB5 /* TimelineLayout.swift */,
			);
			path = Layout;
			sourceTree = "<group>";
		};
		997E990A2C127AE2006F0FB5 /* View */ = {
			isa = PBXGroup;
			children = (
				997E9A0B2C150717006F0FB5 /* TimelineFilterView.swift */,
				997E99092C127AE2006F0FB5 /* TimelineHeaderView.swift */,
				997E99082C127AE2006F0FB5 /* TimelineGraphicView.swift */,
			);
			path = View;
			sourceTree = "<group>";
		};
		997E990C2C127AE2006F0FB5 /* Timeline */ = {
			isa = PBXGroup;
			children = (
				997E990A2C127AE2006F0FB5 /* View */,
				997E99072C127AE2006F0FB5 /* Layout */,
				997E99052C127AE2006F0FB5 /* Component */,
			);
			path = Timeline;
			sourceTree = "<group>";
		};
		997E99112C127AE2006F0FB5 /* Home */ = {
			isa = PBXGroup;
			children = (
				997E9A272C1E077C006F0FB5 /* Countdown */,
				997E9A262C1E0772006F0FB5 /* Suggestion */,
				997E990F2C127AE2006F0FB5 /* HomeView.swift */,
				997E99102C127AE2006F0FB5 /* HomeViewModel.swift */,
			);
			path = Home;
			sourceTree = "<group>";
		};
		997E99252C127B7C006F0FB5 /* Constant */ = {
			isa = PBXGroup;
			children = (
				997E99242C127B7C006F0FB5 /* ReminderSectionConstant.swift */,
			);
			path = Constant;
			sourceTree = "<group>";
		};
		997E99272C127B7C006F0FB5 /* Destination */ = {
			isa = PBXGroup;
			children = (
				997E99262C127B7C006F0FB5 /* ReminderDestination.swift */,
			);
			path = Destination;
			sourceTree = "<group>";
		};
		997E992A2C127B7C006F0FB5 /* Link */ = {
			isa = PBXGroup;
			children = (
				997E99292C127B7C006F0FB5 /* TagsView.swift */,
				997E99282C127B7C006F0FB5 /* RepeatView.swift */,
			);
			path = Link;
			sourceTree = "<group>";
		};
		997E992D2C127B7C006F0FB5 /* Reminder */ = {
			isa = PBXGroup;
			children = (
				997E992A2C127B7C006F0FB5 /* Link */,
				997E99252C127B7C006F0FB5 /* Constant */,
				997E99272C127B7C006F0FB5 /* Destination */,
				997E992B2C127B7C006F0FB5 /* ReminderView.swift */,
				997E992C2C127B7C006F0FB5 /* ReminderViewModel.swift */,
			);
			path = Reminder;
			sourceTree = "<group>";
		};
		997E99362C127B8D006F0FB5 /* Search */ = {
			isa = PBXGroup;
			children = (
				997E9A1D2C1CCC8E006F0FB5 /* Component */,
				997E99342C127B8D006F0FB5 /* SearchView.swift */,
				997E99352C127B8D006F0FB5 /* SearchViewModel.swift */,
			);
			path = Search;
			sourceTree = "<group>";
		};
		997E993A2C127B9B006F0FB5 /* Constant */ = {
			isa = PBXGroup;
			children = (
				997E99392C127B9B006F0FB5 /* AccountSectionConstant.swift */,
			);
			path = Constant;
			sourceTree = "<group>";
		};
		997E993C2C127B9B006F0FB5 /* Destination */ = {
			isa = PBXGroup;
			children = (
				997E993B2C127B9B006F0FB5 /* AccountDestination.swift */,
			);
			path = Destination;
			sourceTree = "<group>";
		};
		997E993D2C127B9B006F0FB5 /* Enum */ = {
			isa = PBXGroup;
			children = (
			);
			path = Enum;
			sourceTree = "<group>";
		};
		997E99442C127B9B006F0FB5 /* Link */ = {
			isa = PBXGroup;
			children = (
				997E99422C127B9B006F0FB5 /* ProfileView.swift */,
				997E993E2C127B9B006F0FB5 /* AboutUsView.swift */,
				997E993F2C127B9B006F0FB5 /* LanguageView.swift */,
				997E99402C127B9B006F0FB5 /* NotificationView.swift */,
				997E99412C127B9B006F0FB5 /* PrivacyAndPolicyView.swift */,
				997E99432C127B9B006F0FB5 /* TermsAndConditionsView.swift */,
			);
			path = Link;
			sourceTree = "<group>";
		};
		997E99472C127B9B006F0FB5 /* Account */ = {
			isa = PBXGroup;
			children = (
				997E99442C127B9B006F0FB5 /* Link */,
				997E993D2C127B9B006F0FB5 /* Enum */,
				997E993A2C127B9B006F0FB5 /* Constant */,
				997E993C2C127B9B006F0FB5 /* Destination */,
				997E99452C127B9B006F0FB5 /* AccountView.swift */,
				997E99462C127B9B006F0FB5 /* AccountViewModel.swift */,
			);
			path = Account;
			sourceTree = "<group>";
		};
		997E99542C127BAA006F0FB5 /* Calendar */ = {
			isa = PBXGroup;
			children = (
				997E990C2C127AE2006F0FB5 /* Timeline */,
				997E99522C127BAA006F0FB5 /* CalendarView.swift */,
				997E99532C127BAA006F0FB5 /* CalendarViewModel.swift */,
			);
			path = Calendar;
			sourceTree = "<group>";
		};
		997E997C2C127DB5006F0FB5 /* Enum */ = {
			isa = PBXGroup;
			children = (
				997E997B2C127DB5006F0FB5 /* TabEnum.swift */,
			);
			path = Enum;
			sourceTree = "<group>";
		};
		997E997F2C127DB5006F0FB5 /* Root */ = {
			isa = PBXGroup;
			children = (
				997E997C2C127DB5006F0FB5 /* Enum */,
				997E997D2C127DB5006F0FB5 /* RootView.swift */,
				997E997E2C127DB5006F0FB5 /* RootViewModel.swift */,
			);
			path = Root;
			sourceTree = "<group>";
		};
		997E99912C127E80006F0FB5 /* Extension */ = {
			isa = PBXGroup;
			children = (
				997E99E82C13B63D006F0FB5 /* Calendar+Extension.swift */,
				997E99E72C13B63D006F0FB5 /* Date+Extension.swift */,
				997E99E52C13B63D006F0FB5 /* Double+Extension.swift */,
				997E99E62C13B63D006F0FB5 /* View+Extension.swift */,
			);
			name = Extension;
			path = "Life Vision/Feature/Extension";
			sourceTree = SOURCE_ROOT;
		};
		997E99A32C1280D2006F0FB5 /* Entities */ = {
			isa = PBXGroup;
			children = (
				997E99A22C1280D2006F0FB5 /* UIState.swift */,
				997E990B2C127AE2006F0FB5 /* Timeline.swift */,
				997E99A12C1280D2006F0FB5 /* SectionItem.swift */,
			);
			name = Entities;
			path = "Life Vision/Feature/Utils/Entities";
			sourceTree = SOURCE_ROOT;
		};
		997E99F32C13B678006F0FB5 /* DisclosureGroup */ = {
			isa = PBXGroup;
			children = (
				997E99F22C13B678006F0FB5 /* ToggleDisclosureGroupView.swift */,
			);
			path = DisclosureGroup;
			sourceTree = "<group>";
		};
		997E99FA2C13B678006F0FB5 /* Section */ = {
			isa = PBXGroup;
			children = (
				997E99F42C13B678006F0FB5 /* MenuItemView.swift */,
				997E99F52C13B678006F0FB5 /* NavigationLinkItemView.swift */,
				997E99F62C13B678006F0FB5 /* ProfileItemView.swift */,
				997E99F72C13B678006F0FB5 /* SegmentedItemView.swift */,
				997E99F82C13B678006F0FB5 /* TitleItemView.swift */,
				997E99F92C13B678006F0FB5 /* ToggleItemView.swift */,
			);
			path = Section;
			sourceTree = "<group>";
		};
		997E99FC2C13B678006F0FB5 /* View */ = {
			isa = PBXGroup;
			children = (
				997E99FB2C13B678006F0FB5 /* DefaultView.swift */,
			);
			path = View;
			sourceTree = "<group>";
		};
		997E99FD2C13B678006F0FB5 /* Component */ = {
			isa = PBXGroup;
			children = (
				997E99F32C13B678006F0FB5 /* DisclosureGroup */,
				997E99FA2C13B678006F0FB5 /* Section */,
				997E99FC2C13B678006F0FB5 /* View */,
			);
			name = Component;
			path = "Life Vision/Feature/Utils/Component";
			sourceTree = SOURCE_ROOT;
		};
		997E9A062C13B7F9006F0FB5 /* Entities */ = {
			isa = PBXGroup;
			children = (
				997E9A092C13C791006F0FB5 /* Repeat.swift */,
				997E9A072C13B80A006F0FB5 /* EarlyReminder.swift */,
			);
			path = Entities;
			sourceTree = "<group>";
		};
		997E9A0D2C170ED1006F0FB5 /* Notification */ = {
			isa = PBXGroup;
			children = (
				997E9A242C1DD1D2006F0FB5 /* Notification.swift */,
				997E9A122C170F33006F0FB5 /* NotificationService.swift */,
				997E9A142C170F3E006F0FB5 /* NotificationServiceProtocol.swift */,
			);
			path = Notification;
			sourceTree = "<group>";
		};
		997E9A162C18AE2D006F0FB5 /* Receiver */ = {
			isa = PBXGroup;
			children = (
				997E9A172C18AE39006F0FB5 /* FirebaseReceiver.swift */,
			);
			path = Receiver;
			sourceTree = "<group>";
		};
		997E9A1D2C1CCC8E006F0FB5 /* Component */ = {
			isa = PBXGroup;
			children = (
				997E9A1E2C1CCCC2006F0FB5 /* SearchTaskItemView.swift */,
				997E9A202C1CD296006F0FB5 /* SearchDefaultItemView.swift */,
			);
			path = Component;
			sourceTree = "<group>";
		};
		997E9A262C1E0772006F0FB5 /* Suggestion */ = {
			isa = PBXGroup;
			children = (
			);
			path = Suggestion;
			sourceTree = "<group>";
		};
		997E9A272C1E077C006F0FB5 /* Countdown */ = {
			isa = PBXGroup;
			children = (
			);
			path = Countdown;
			sourceTree = "<group>";
		};
		99EBE9422C0083A200789C9F = {
			isa = PBXGroup;
			children = (
				997E9A282C1E09E1006F0FB5 /* README.md */,
				99EBEA0F2C013AC700789C9F /* GoogleService-Info.plist */,
				99EBE94D2C0083A200789C9F /* Life Vision */,
				99EBE95E2C0083A300789C9F /* Life VisionTests */,
				99EBE9682C0083A300789C9F /* Life VisionUITests */,
				99EBE94C2C0083A200789C9F /* Products */,
			);
			sourceTree = "<group>";
		};
		99EBE94C2C0083A200789C9F /* Products */ = {
			isa = PBXGroup;
			children = (
				99EBE94B2C0083A200789C9F /* Life Vision.app */,
				99EBE95B2C0083A300789C9F /* Life VisionTests.xctest */,
				99EBE9652C0083A300789C9F /* Life VisionUITests.xctest */,
			);
			name = Products;
			sourceTree = "<group>";
		};
		99EBE94D2C0083A200789C9F /* Life Vision */ = {
			isa = PBXGroup;
			children = (
				99EBEA122C013FE700789C9F /* DI */,
				99EBE9782C00844100789C9F /* App */,
				99EBE97D2C00847E00789C9F /* Core */,
				99EBE97C2C00847000789C9F /* Feature */,
				99EBE9522C0083A300789C9F /* Assets.xcassets */,
				99EBE9542C0083A300789C9F /* Preview Content */,
			);
			path = "Life Vision";
			sourceTree = "<group>";
		};
		99EBE9542C0083A300789C9F /* Preview Content */ = {
			isa = PBXGroup;
			children = (
				99EBE9552C0083A300789C9F /* Preview Assets.xcassets */,
			);
			path = "Preview Content";
			sourceTree = "<group>";
		};
		99EBE95E2C0083A300789C9F /* Life VisionTests */ = {
			isa = PBXGroup;
			children = (
				99EBE95F2C0083A300789C9F /* Life_VisionTests.swift */,
			);
			path = "Life VisionTests";
			sourceTree = "<group>";
		};
		99EBE9682C0083A300789C9F /* Life VisionUITests */ = {
			isa = PBXGroup;
			children = (
				99EBE9692C0083A300789C9F /* Life_VisionUITests.swift */,
				99EBE96B2C0083A300789C9F /* Life_VisionUITestsLaunchTests.swift */,
			);
			path = "Life VisionUITests";
			sourceTree = "<group>";
		};
		99EBE9782C00844100789C9F /* App */ = {
			isa = PBXGroup;
			children = (
				99EBEA042C00CF4C00789C9F /* LifeVisionApp.swift */,
				99EBE9792C00845300789C9F /* LifeVisionAppDelegate.swift */,
				997E9A222C1D8F3F006F0FB5 /* LifeVisionNotificationDelegate.swift */,
			);
			path = App;
			sourceTree = "<group>";
		};
		99EBE97B2C00846800789C9F /* Presentation */ = {
			isa = PBXGroup;
			children = (
				997E997F2C127DB5006F0FB5 /* Root */,
				997E992D2C127B7C006F0FB5 /* Reminder */,
				997E99112C127AE2006F0FB5 /* Home */,
				997E99362C127B8D006F0FB5 /* Search */,
				997E99472C127B9B006F0FB5 /* Account */,
				997E99542C127BAA006F0FB5 /* Calendar */,
			);
			path = Presentation;
			sourceTree = "<group>";
		};
		99EBE97C2C00847000789C9F /* Feature */ = {
			isa = PBXGroup;
			children = (
				99EBE9B92C0088F200789C9F /* Utils */,
				99EBE97B2C00846800789C9F /* Presentation */,
			);
			path = Feature;
			sourceTree = "<group>";
		};
		99EBE97D2C00847E00789C9F /* Core */ = {
			isa = PBXGroup;
			children = (
				99F8B39C2C067C540082A453 /* Source */,
				99EBE9862C00868F00789C9F /* Utils */,
				99F8B3882C01CC480082A453 /* Constant */,
				99EBE9832C00860B00789C9F /* Extension */,
			);
			path = Core;
			sourceTree = "<group>";
		};
		99EBE9832C00860B00789C9F /* Extension */ = {
			isa = PBXGroup;
			children = (
				99EBE9DD2C008AEB00789C9F /* Theme+Extension.swift */,
				99EBE9842C00864000789C9F /* UserDefaults+Extension.swift */,
			);
			path = Extension;
			sourceTree = "<group>";
		};
		99EBE9862C00868F00789C9F /* Utils */ = {
			isa = PBXGroup;
			children = (
				997E9A162C18AE2D006F0FB5 /* Receiver */,
				99EBE99A2C0086EF00789C9F /* Theme */,
				9904E3F92C0D2B3900172593 /* Calendar */,
				99EBE9992C0086DB00789C9F /* Language */,
				997E9A0D2C170ED1006F0FB5 /* Notification */,
				99F8B3902C01E0A80082A453 /* Preferences */,
			);
			path = Utils;
			sourceTree = "<group>";
		};
		99EBE9992C0086DB00789C9F /* Language */ = {
			isa = PBXGroup;
			children = (
				99EBE99E2C00876200789C9F /* Language.swift */,
				997E9A0E2C170EF5006F0FB5 /* Localizable.strings */,
			);
			path = Language;
			sourceTree = "<group>";
		};
		99EBE99A2C0086EF00789C9F /* Theme */ = {
			isa = PBXGroup;
			children = (
				99EBEA062C01352700789C9F /* Theme.swift */,
			);
			path = Theme;
			sourceTree = "<group>";
		};
		99EBE9B92C0088F200789C9F /* Utils */ = {
			isa = PBXGroup;
			children = (
				997E99A32C1280D2006F0FB5 /* Entities */,
				997E99912C127E80006F0FB5 /* Extension */,
				997E99FD2C13B678006F0FB5 /* Component */,
			);
			name = Utils;
			path = "../../../../../Desktop/Default App/Feature/Utils";
			sourceTree = "<group>";
		};
		99EBEA122C013FE700789C9F /* DI */ = {
			isa = PBXGroup;
			children = (
				99EBEA212C01428E00789C9F /* ServiceType.swift */,
				99EBEA232C0142A700789C9F /* ServiceContainer.swift */,
				99EBEA252C0142D500789C9F /* DependencyPropertyWrapper.swift */,
			);
			name = DI;
			path = "Dİ";
			sourceTree = "<group>";
		};
		99EBEA132C013FF200789C9F /* User */ = {
			isa = PBXGroup;
			children = (
				99EBEA142C013FFF00789C9F /* UserRemoteService.swift */,
				99EBEA1D2C01417500789C9F /* UserRemoteServiceProtocol.swift */,
			);
			path = User;
			sourceTree = "<group>";
		};
		99EBEA272C0144A000789C9F /* Auth */ = {
			isa = PBXGroup;
			children = (
				99EBEA282C0144A800789C9F /* AuthRemoteService.swift */,
				99EBEA2A2C0144AF00789C9F /* AuthRemoteServiceProtocol.swift */,
			);
			path = Auth;
			sourceTree = "<group>";
		};
		99EBEA2E2C014D7300789C9F /* Reminder */ = {
			isa = PBXGroup;
			children = (
				99F8B3C82C0750B00082A453 /* ReminderRemoteService.swift */,
				99EBEA332C014DA400789C9F /* ReminderRemoteServiceProtocol.swift */,
			);
			path = Reminder;
			sourceTree = "<group>";
		};
		99F8B3882C01CC480082A453 /* Constant */ = {
			isa = PBXGroup;
			children = (
				99F8B3892C01CC610082A453 /* FirebaseConstant.swift */,
			);
			path = Constant;
			sourceTree = "<group>";
		};
		99F8B38B2C01D2580082A453 /* Storage */ = {
			isa = PBXGroup;
			children = (
				99F8B38C2C01D2660082A453 /* StorageRemoteService.swift */,
				99F8B38E2C01D2720082A453 /* StorageRemoteServiceProtocol.swift */,
			);
			path = Storage;
			sourceTree = "<group>";
		};
		99F8B3902C01E0A80082A453 /* Preferences */ = {
			isa = PBXGroup;
			children = (
				99F8B3912C01E0FC0082A453 /* Preferences.swift */,
			);
			path = Preferences;
			sourceTree = "<group>";
		};
		99F8B39A2C067C3E0082A453 /* Local */ = {
			isa = PBXGroup;
			children = (
				99F8B39F2C067DCF0082A453 /* Auth */,
				99F8B3A82C067F270082A453 /* User */,
				99F8B3B82C0737BF0082A453 /* Storage */,
				99F8B3B02C0681C70082A453 /* Reminder */,
			);
			path = Local;
			sourceTree = "<group>";
		};
		99F8B39B2C067C440082A453 /* Remote */ = {
			isa = PBXGroup;
			children = (
				99EBEA272C0144A000789C9F /* Auth */,
				99EBEA132C013FF200789C9F /* User */,
				99F8B38B2C01D2580082A453 /* Storage */,
				99EBEA2E2C014D7300789C9F /* Reminder */,
			);
			path = Remote;
			sourceTree = "<group>";
		};
		99F8B39C2C067C540082A453 /* Source */ = {
			isa = PBXGroup;
			children = (
				99F8B39E2C067DB00082A453 /* Entities */,
				99F8B39A2C067C3E0082A453 /* Local */,
				99F8B39B2C067C440082A453 /* Remote */,
				99F8B39D2C067CDB0082A453 /* Repository */,
			);
			path = Source;
			sourceTree = "<group>";
		};
		99F8B39D2C067CDB0082A453 /* Repository */ = {
			isa = PBXGroup;
			children = (
				99F8B3C02C0739A70082A453 /* User */,
				99F8B3C32C073DA20082A453 /* Reminder */,
			);
			path = Repository;
			sourceTree = "<group>";
		};
		99F8B39E2C067DB00082A453 /* Entities */ = {
			isa = PBXGroup;
			children = (
				99F8B3A42C067E8F0082A453 /* Auth */,
				99F8B3A72C067EA00082A453 /* User */,
				99F8B3B52C0681FE0082A453 /* Storage */,
				99F8B3AD2C06816F0082A453 /* Reminder */,
			);
			path = Entities;
			sourceTree = "<group>";
		};
		99F8B39F2C067DCF0082A453 /* Auth */ = {
			isa = PBXGroup;
			children = (
				99F8B3A02C067DDB0082A453 /* AuthLocalService.swift */,
				99F8B3A22C067DF00082A453 /* AuthLocalServiceProtocol.swift */,
			);
			path = Auth;
			sourceTree = "<group>";
		};
		99F8B3A42C067E8F0082A453 /* Auth */ = {
			isa = PBXGroup;
			children = (
				99EBEA2C2C0146EC00789C9F /* Auth.swift */,
				99F8B3A52C067E9B0082A453 /* AuthErrorCallback.swift */,
			);
			path = Auth;
			sourceTree = "<group>";
		};
		99F8B3A72C067EA00082A453 /* User */ = {
			isa = PBXGroup;
			children = (
				99EBEA1F2C01420000789C9F /* User.swift */,
				99F8B3982C0237B90082A453 /* UserErrorCallback.swift */,
			);
			path = User;
			sourceTree = "<group>";
		};
		99F8B3A82C067F270082A453 /* User */ = {
			isa = PBXGroup;
			children = (
				99F8B3A92C067F420082A453 /* UserLocalService.swift */,
				99F8B3AB2C067F510082A453 /* UserLocalServiceProtocol.swift */,
			);
			path = User;
			sourceTree = "<group>";
		};
		99F8B3AD2C06816F0082A453 /* Reminder */ = {
			isa = PBXGroup;
			children = (
				997E9A062C13B7F9006F0FB5 /* Entities */,
				99EBEA2F2C014D8000789C9F /* Reminder.swift */,
				997E9A1B2C1B1C24006F0FB5 /* ReminderCategory.swift */,
				99F8B3AE2C0681810082A453 /* ReminderErrorCallback.swift */,
			);
			path = Reminder;
			sourceTree = "<group>";
		};
		99F8B3B02C0681C70082A453 /* Reminder */ = {
			isa = PBXGroup;
			children = (
				99F8B3B32C0681E50082A453 /* ReminderLocalService.swift */,
				99F8B3B12C0681DA0082A453 /* ReminderLocalServiceProtocol.swift */,
			);
			path = Reminder;
			sourceTree = "<group>";
		};
		99F8B3B52C0681FE0082A453 /* Storage */ = {
			isa = PBXGroup;
			children = (
				99F8B3B62C06820F0082A453 /* StorageErrorCallback.swift */,
			);
			path = Storage;
			sourceTree = "<group>";
		};
		99F8B3B82C0737BF0082A453 /* Storage */ = {
			isa = PBXGroup;
			children = (
				99F8B3BA2C0738150082A453 /* StorageLocalService.swift */,
				99F8B3BC2C07381F0082A453 /* StorageLocalServiceProtocol.swift */,
			);
			path = Storage;
			sourceTree = "<group>";
		};
		99F8B3C02C0739A70082A453 /* User */ = {
			isa = PBXGroup;
			children = (
				99F8B3BE2C07398E0082A453 /* UserRepository.swift */,
				99F8B3C12C0739B20082A453 /* UserRepositoryProtocol.swift */,
			);
			path = User;
			sourceTree = "<group>";
		};
		99F8B3C32C073DA20082A453 /* Reminder */ = {
			isa = PBXGroup;
			children = (
				99F8B3C42C073DB10082A453 /* ReminderRepository.swift */,
				99F8B3C62C073DBA0082A453 /* ReminderRepositoryProtocol.swift */,
			);
			path = Reminder;
			sourceTree = "<group>";
		};
/* End PBXGroup section */

/* Begin PBXNativeTarget section */
		99EBE94A2C0083A200789C9F /* Life Vision */ = {
			isa = PBXNativeTarget;
			buildConfigurationList = 99EBE96F2C0083A300789C9F /* Build configuration list for PBXNativeTarget "Life Vision" */;
			buildPhases = (
				99EBE9472C0083A200789C9F /* Sources */,
				99EBE9482C0083A200789C9F /* Frameworks */,
				99EBE9492C0083A200789C9F /* Resources */,
			);
			buildRules = (
			);
			dependencies = (
			);
			name = "Life Vision";
			packageProductDependencies = (
				99EBEA092C013A1700789C9F /* FirebaseAuth */,
				99EBEA0B2C013A1700789C9F /* FirebaseFirestore */,
				99EBEA0D2C013A1700789C9F /* FirebaseStorage */,
			);
			productName = "Life Vision";
			productReference = 99EBE94B2C0083A200789C9F /* Life Vision.app */;
			productType = "com.apple.product-type.application";
		};
		99EBE95A2C0083A300789C9F /* Life VisionTests */ = {
			isa = PBXNativeTarget;
			buildConfigurationList = 99EBE9722C0083A300789C9F /* Build configuration list for PBXNativeTarget "Life VisionTests" */;
			buildPhases = (
				99EBE9572C0083A300789C9F /* Sources */,
				99EBE9582C0083A300789C9F /* Frameworks */,
				99EBE9592C0083A300789C9F /* Resources */,
			);
			buildRules = (
			);
			dependencies = (
				99EBE95D2C0083A300789C9F /* PBXTargetDependency */,
			);
			name = "Life VisionTests";
			productName = "Life VisionTests";
			productReference = 99EBE95B2C0083A300789C9F /* Life VisionTests.xctest */;
			productType = "com.apple.product-type.bundle.unit-test";
		};
		99EBE9642C0083A300789C9F /* Life VisionUITests */ = {
			isa = PBXNativeTarget;
			buildConfigurationList = 99EBE9752C0083A300789C9F /* Build configuration list for PBXNativeTarget "Life VisionUITests" */;
			buildPhases = (
				99EBE9612C0083A300789C9F /* Sources */,
				99EBE9622C0083A300789C9F /* Frameworks */,
				99EBE9632C0083A300789C9F /* Resources */,
			);
			buildRules = (
			);
			dependencies = (
				99EBE9672C0083A300789C9F /* PBXTargetDependency */,
			);
			name = "Life VisionUITests";
			productName = "Life VisionUITests";
			productReference = 99EBE9652C0083A300789C9F /* Life VisionUITests.xctest */;
			productType = "com.apple.product-type.bundle.ui-testing";
		};
/* End PBXNativeTarget section */

/* Begin PBXProject section */
		99EBE9432C0083A200789C9F /* Project object */ = {
			isa = PBXProject;
			attributes = {
				BuildIndependentTargetsInParallel = 1;
				LastSwiftUpdateCheck = 1540;
				LastUpgradeCheck = 1540;
				TargetAttributes = {
					99EBE94A2C0083A200789C9F = {
						CreatedOnToolsVersion = 15.4;
					};
					99EBE95A2C0083A300789C9F = {
						CreatedOnToolsVersion = 15.4;
						TestTargetID = 99EBE94A2C0083A200789C9F;
					};
					99EBE9642C0083A300789C9F = {
						CreatedOnToolsVersion = 15.4;
						TestTargetID = 99EBE94A2C0083A200789C9F;
					};
				};
			};
			buildConfigurationList = 99EBE9462C0083A200789C9F /* Build configuration list for PBXProject "Life Vision" */;
			compatibilityVersion = "Xcode 14.0";
			developmentRegion = en;
			hasScannedForEncodings = 0;
			knownRegions = (
				en,
				Base,
				tr,
			);
			mainGroup = 99EBE9422C0083A200789C9F;
			packageReferences = (
				99EBEA082C013A1700789C9F /* XCRemoteSwiftPackageReference "firebase-ios-sdk" */,
			);
			productRefGroup = 99EBE94C2C0083A200789C9F /* Products */;
			projectDirPath = "";
			projectRoot = "";
			targets = (
				99EBE94A2C0083A200789C9F /* Life Vision */,
				99EBE95A2C0083A300789C9F /* Life VisionTests */,
				99EBE9642C0083A300789C9F /* Life VisionUITests */,
			);
		};
/* End PBXProject section */

/* Begin PBXResourcesBuildPhase section */
		99EBE9492C0083A200789C9F /* Resources */ = {
			isa = PBXResourcesBuildPhase;
			buildActionMask = 2147483647;
			files = (
				99EBE9562C0083A300789C9F /* Preview Assets.xcassets in Resources */,
				997E9A102C170EF5006F0FB5 /* Localizable.strings in Resources */,
				997E9A292C1E09E1006F0FB5 /* README.md in Resources */,
				99EBE9532C0083A300789C9F /* Assets.xcassets in Resources */,
				99EBEA102C013AC700789C9F /* GoogleService-Info.plist in Resources */,
			);
			runOnlyForDeploymentPostprocessing = 0;
		};
		99EBE9592C0083A300789C9F /* Resources */ = {
			isa = PBXResourcesBuildPhase;
			buildActionMask = 2147483647;
			files = (
			);
			runOnlyForDeploymentPostprocessing = 0;
		};
		99EBE9632C0083A300789C9F /* Resources */ = {
			isa = PBXResourcesBuildPhase;
			buildActionMask = 2147483647;
			files = (
			);
			runOnlyForDeploymentPostprocessing = 0;
		};
/* End PBXResourcesBuildPhase section */

/* Begin PBXSourcesBuildPhase section */
		99EBE9472C0083A200789C9F /* Sources */ = {
			isa = PBXSourcesBuildPhase;
			buildActionMask = 2147483647;
			files = (
				99EBE97A2C00845300789C9F /* LifeVisionAppDelegate.swift in Sources */,
				99EBEA262C0142D500789C9F /* DependencyPropertyWrapper.swift in Sources */,
				997E9A132C170F33006F0FB5 /* NotificationService.swift in Sources */,
				99EBEA242C0142A800789C9F /* ServiceContainer.swift in Sources */,
				997E99312C127B7C006F0FB5 /* TagsView.swift in Sources */,
				99F8B38D2C01D2660082A453 /* StorageRemoteService.swift in Sources */,
				99EBEA1E2C01417500789C9F /* UserRemoteServiceProtocol.swift in Sources */,
				99F8B38F2C01D2720082A453 /* StorageRemoteServiceProtocol.swift in Sources */,
				997E99322C127B7C006F0FB5 /* ReminderView.swift in Sources */,
				99F8B3B72C06820F0082A453 /* StorageErrorCallback.swift in Sources */,
				997E99372C127B8D006F0FB5 /* SearchView.swift in Sources */,
				99F8B3AA2C067F420082A453 /* UserLocalService.swift in Sources */,
				99F8B3A62C067E9B0082A453 /* AuthErrorCallback.swift in Sources */,
				99F8B3992C0237B90082A453 /* UserErrorCallback.swift in Sources */,
				997E99502C127B9B006F0FB5 /* AccountView.swift in Sources */,
				997E99382C127B8D006F0FB5 /* SearchViewModel.swift in Sources */,
				99EBEA302C014D8000789C9F /* Reminder.swift in Sources */,
				997E994B2C127B9B006F0FB5 /* LanguageView.swift in Sources */,
				997E99152C127AE2006F0FB5 /* TimelineTaskView.swift in Sources */,
				997E99512C127B9B006F0FB5 /* AccountViewModel.swift in Sources */,
				997E99492C127B9B006F0FB5 /* AccountDestination.swift in Sources */,
				997E99142C127AE2006F0FB5 /* TimelineNowView.swift in Sources */,
				997E99562C127BAA006F0FB5 /* CalendarViewModel.swift in Sources */,
				997E99EC2C13B63D006F0FB5 /* Calendar+Extension.swift in Sources */,
				997E9A252C1DD1D2006F0FB5 /* Notification.swift in Sources */,
				997E99A42C1280D2006F0FB5 /* SectionItem.swift in Sources */,
				99F8B3A32C067DF00082A453 /* AuthLocalServiceProtocol.swift in Sources */,
				997E994A2C127B9B006F0FB5 /* AboutUsView.swift in Sources */,
				99EBEA292C0144A800789C9F /* AuthRemoteService.swift in Sources */,
				99F8B3922C01E0FC0082A453 /* Preferences.swift in Sources */,
				99F8B3AF2C0681810082A453 /* ReminderErrorCallback.swift in Sources */,
				997E99812C127DB5006F0FB5 /* RootView.swift in Sources */,
				99EBE99F2C00876200789C9F /* Language.swift in Sources */,
				997E99FF2C13B678006F0FB5 /* MenuItemView.swift in Sources */,
				997E99122C127AE2006F0FB5 /* TimelineDividerView.swift in Sources */,
				99F8B3B42C0681E50082A453 /* ReminderLocalService.swift in Sources */,
				9904E3FD2C0D2B6F00172593 /* CalendarServiceProtocol.swift in Sources */,
				997E9A0A2C13C791006F0FB5 /* Repeat.swift in Sources */,
				99EBE9852C00864000789C9F /* UserDefaults+Extension.swift in Sources */,
				99EBEA202C01420000789C9F /* User.swift in Sources */,
				99F8B3BD2C07381F0082A453 /* StorageLocalServiceProtocol.swift in Sources */,
				997E994E2C127B9B006F0FB5 /* ProfileView.swift in Sources */,
				99EBEA2B2C0144AF00789C9F /* AuthRemoteServiceProtocol.swift in Sources */,
				997E99A52C1280D2006F0FB5 /* UIState.swift in Sources */,
				997E9A182C18AE39006F0FB5 /* FirebaseReceiver.swift in Sources */,
				997E9A042C13B678006F0FB5 /* ToggleItemView.swift in Sources */,
				99F8B3BF2C07398E0082A453 /* UserRepository.swift in Sources */,
				997E99EA2C13B63D006F0FB5 /* View+Extension.swift in Sources */,
				997E9A0C2C150717006F0FB5 /* TimelineFilterView.swift in Sources */,
				997E99EB2C13B63D006F0FB5 /* Date+Extension.swift in Sources */,
				99EBEA222C01428E00789C9F /* ServiceType.swift in Sources */,
				99F8B3C52C073DB10082A453 /* ReminderRepository.swift in Sources */,
				99EBEA342C014DA400789C9F /* ReminderRemoteServiceProtocol.swift in Sources */,
				99F8B3C22C0739B20082A453 /* UserRepositoryProtocol.swift in Sources */,
				997E9A052C13B678006F0FB5 /* DefaultView.swift in Sources */,
				997E9A022C13B678006F0FB5 /* SegmentedItemView.swift in Sources */,
				997E99302C127B7C006F0FB5 /* RepeatView.swift in Sources */,
				997E994C2C127B9B006F0FB5 /* NotificationView.swift in Sources */,
				997E9A1C2C1B1C24006F0FB5 /* ReminderCategory.swift in Sources */,
				997E992E2C127B7C006F0FB5 /* ReminderSectionConstant.swift in Sources */,
				99EBEA2D2C0146EC00789C9F /* Auth.swift in Sources */,
				9904E3FB2C0D2B5900172593 /* CalendarService.swift in Sources */,
				997E99482C127B9B006F0FB5 /* AccountSectionConstant.swift in Sources */,
				99F8B3AC2C067F510082A453 /* UserLocalServiceProtocol.swift in Sources */,
				997E99802C127DB5006F0FB5 /* TabEnum.swift in Sources */,
				997E99822C127DB5006F0FB5 /* RootViewModel.swift in Sources */,
				997E991A2C127AE2006F0FB5 /* HomeView.swift in Sources */,
				997E99FE2C13B678006F0FB5 /* ToggleDisclosureGroupView.swift in Sources */,
				997E9A012C13B678006F0FB5 /* ProfileItemView.swift in Sources */,
				99EBEA052C00CF4C00789C9F /* LifeVisionApp.swift in Sources */,
				99F8B3BB2C0738150082A453 /* StorageLocalService.swift in Sources */,
				997E994F2C127B9B006F0FB5 /* TermsAndConditionsView.swift in Sources */,
				997E99172C127AE2006F0FB5 /* TimelineGraphicView.swift in Sources */,
				99F8B38A2C01CC610082A453 /* FirebaseConstant.swift in Sources */,
				99EBEA072C01352700789C9F /* Theme.swift in Sources */,
				99F8B3C92C0750B00082A453 /* ReminderRemoteService.swift in Sources */,
				997E99332C127B7C006F0FB5 /* ReminderViewModel.swift in Sources */,
				99F8B3C72C073DBA0082A453 /* ReminderRepositoryProtocol.swift in Sources */,
				997E9A232C1D8F3F006F0FB5 /* LifeVisionNotificationDelegate.swift in Sources */,
				997E99162C127AE2006F0FB5 /* TimelineLayout.swift in Sources */,
				997E9A082C13B80A006F0FB5 /* EarlyReminder.swift in Sources */,
				997E991B2C127AE2006F0FB5 /* HomeViewModel.swift in Sources */,
				997E992F2C127B7C006F0FB5 /* ReminderDestination.swift in Sources */,
				997E99182C127AE2006F0FB5 /* TimelineHeaderView.swift in Sources */,
				997E9A032C13B678006F0FB5 /* TitleItemView.swift in Sources */,
				99EBEA1C2C0140EF00789C9F /* Theme+Extension.swift in Sources */,
				997E99E92C13B63D006F0FB5 /* Double+Extension.swift in Sources */,
				99F8B3A12C067DDB0082A453 /* AuthLocalService.swift in Sources */,
				997E9A1F2C1CCCC2006F0FB5 /* SearchTaskItemView.swift in Sources */,
				997E99192C127AE2006F0FB5 /* Timeline.swift in Sources */,
				997E994D2C127B9B006F0FB5 /* PrivacyAndPolicyView.swift in Sources */,
				997E9A002C13B678006F0FB5 /* NavigationLinkItemView.swift in Sources */,
				99EBEA152C013FFF00789C9F /* UserRemoteService.swift in Sources */,
				997E9A212C1CD296006F0FB5 /* SearchDefaultItemView.swift in Sources */,
				997E99132C127AE2006F0FB5 /* TimelineHourView.swift in Sources */,
				997E99552C127BAA006F0FB5 /* CalendarView.swift in Sources */,
				997E9A152C170F3E006F0FB5 /* NotificationServiceProtocol.swift in Sources */,
				99F8B3B22C0681DA0082A453 /* ReminderLocalServiceProtocol.swift in Sources */,
			);
			runOnlyForDeploymentPostprocessing = 0;
		};
		99EBE9572C0083A300789C9F /* Sources */ = {
			isa = PBXSourcesBuildPhase;
			buildActionMask = 2147483647;
			files = (
				99EBE9602C0083A300789C9F /* Life_VisionTests.swift in Sources */,
			);
			runOnlyForDeploymentPostprocessing = 0;
		};
		99EBE9612C0083A300789C9F /* Sources */ = {
			isa = PBXSourcesBuildPhase;
			buildActionMask = 2147483647;
			files = (
				99EBE96C2C0083A300789C9F /* Life_VisionUITestsLaunchTests.swift in Sources */,
				99EBE96A2C0083A300789C9F /* Life_VisionUITests.swift in Sources */,
			);
			runOnlyForDeploymentPostprocessing = 0;
		};
/* End PBXSourcesBuildPhase section */

/* Begin PBXTargetDependency section */
		99EBE95D2C0083A300789C9F /* PBXTargetDependency */ = {
			isa = PBXTargetDependency;
			target = 99EBE94A2C0083A200789C9F /* Life Vision */;
			targetProxy = 99EBE95C2C0083A300789C9F /* PBXContainerItemProxy */;
		};
		99EBE9672C0083A300789C9F /* PBXTargetDependency */ = {
			isa = PBXTargetDependency;
			target = 99EBE94A2C0083A200789C9F /* Life Vision */;
			targetProxy = 99EBE9662C0083A300789C9F /* PBXContainerItemProxy */;
		};
/* End PBXTargetDependency section */

/* Begin PBXVariantGroup section */
		997E9A0E2C170EF5006F0FB5 /* Localizable.strings */ = {
			isa = PBXVariantGroup;
			children = (
				997E9A0F2C170EF5006F0FB5 /* en */,
				997E9A112C170F1D006F0FB5 /* tr */,
			);
			name = Localizable.strings;
			sourceTree = "<group>";
		};
/* End PBXVariantGroup section */

/* Begin XCBuildConfiguration section */
		99EBE96D2C0083A300789C9F /* Debug */ = {
			isa = XCBuildConfiguration;
			buildSettings = {
				ALWAYS_SEARCH_USER_PATHS = NO;
				ASSETCATALOG_COMPILER_GENERATE_SWIFT_ASSET_SYMBOL_EXTENSIONS = YES;
				CLANG_ANALYZER_NONNULL = YES;
				CLANG_ANALYZER_NUMBER_OBJECT_CONVERSION = YES_AGGRESSIVE;
				CLANG_CXX_LANGUAGE_STANDARD = "gnu++20";
				CLANG_ENABLE_MODULES = YES;
				CLANG_ENABLE_OBJC_ARC = YES;
				CLANG_ENABLE_OBJC_WEAK = YES;
				CLANG_WARN_BLOCK_CAPTURE_AUTORELEASING = YES;
				CLANG_WARN_BOOL_CONVERSION = YES;
				CLANG_WARN_COMMA = YES;
				CLANG_WARN_CONSTANT_CONVERSION = YES;
				CLANG_WARN_DEPRECATED_OBJC_IMPLEMENTATIONS = YES;
				CLANG_WARN_DIRECT_OBJC_ISA_USAGE = YES_ERROR;
				CLANG_WARN_DOCUMENTATION_COMMENTS = YES;
				CLANG_WARN_EMPTY_BODY = YES;
				CLANG_WARN_ENUM_CONVERSION = YES;
				CLANG_WARN_INFINITE_RECURSION = YES;
				CLANG_WARN_INT_CONVERSION = YES;
				CLANG_WARN_NON_LITERAL_NULL_CONVERSION = YES;
				CLANG_WARN_OBJC_IMPLICIT_RETAIN_SELF = YES;
				CLANG_WARN_OBJC_LITERAL_CONVERSION = YES;
				CLANG_WARN_OBJC_ROOT_CLASS = YES_ERROR;
				CLANG_WARN_QUOTED_INCLUDE_IN_FRAMEWORK_HEADER = YES;
				CLANG_WARN_RANGE_LOOP_ANALYSIS = YES;
				CLANG_WARN_STRICT_PROTOTYPES = YES;
				CLANG_WARN_SUSPICIOUS_MOVE = YES;
				CLANG_WARN_UNGUARDED_AVAILABILITY = YES_AGGRESSIVE;
				CLANG_WARN_UNREACHABLE_CODE = YES;
				CLANG_WARN__DUPLICATE_METHOD_MATCH = YES;
				COPY_PHASE_STRIP = NO;
				DEBUG_INFORMATION_FORMAT = dwarf;
				ENABLE_STRICT_OBJC_MSGSEND = YES;
				ENABLE_TESTABILITY = YES;
				ENABLE_USER_SCRIPT_SANDBOXING = YES;
				GCC_C_LANGUAGE_STANDARD = gnu17;
				GCC_DYNAMIC_NO_PIC = NO;
				GCC_NO_COMMON_BLOCKS = YES;
				GCC_OPTIMIZATION_LEVEL = 0;
				GCC_PREPROCESSOR_DEFINITIONS = (
					"DEBUG=1",
					"$(inherited)",
				);
				GCC_WARN_64_TO_32_BIT_CONVERSION = YES;
				GCC_WARN_ABOUT_RETURN_TYPE = YES_ERROR;
				GCC_WARN_UNDECLARED_SELECTOR = YES;
				GCC_WARN_UNINITIALIZED_AUTOS = YES_AGGRESSIVE;
				GCC_WARN_UNUSED_FUNCTION = YES;
				GCC_WARN_UNUSED_VARIABLE = YES;
				IPHONEOS_DEPLOYMENT_TARGET = 17.5;
				LOCALIZATION_PREFERS_STRING_CATALOGS = YES;
				MTL_ENABLE_DEBUG_INFO = INCLUDE_SOURCE;
				MTL_FAST_MATH = YES;
				ONLY_ACTIVE_ARCH = YES;
				SDKROOT = iphoneos;
				SWIFT_ACTIVE_COMPILATION_CONDITIONS = "DEBUG $(inherited)";
				SWIFT_OPTIMIZATION_LEVEL = "-Onone";
			};
			name = Debug;
		};
		99EBE96E2C0083A300789C9F /* Release */ = {
			isa = XCBuildConfiguration;
			buildSettings = {
				ALWAYS_SEARCH_USER_PATHS = NO;
				ASSETCATALOG_COMPILER_GENERATE_SWIFT_ASSET_SYMBOL_EXTENSIONS = YES;
				CLANG_ANALYZER_NONNULL = YES;
				CLANG_ANALYZER_NUMBER_OBJECT_CONVERSION = YES_AGGRESSIVE;
				CLANG_CXX_LANGUAGE_STANDARD = "gnu++20";
				CLANG_ENABLE_MODULES = YES;
				CLANG_ENABLE_OBJC_ARC = YES;
				CLANG_ENABLE_OBJC_WEAK = YES;
				CLANG_WARN_BLOCK_CAPTURE_AUTORELEASING = YES;
				CLANG_WARN_BOOL_CONVERSION = YES;
				CLANG_WARN_COMMA = YES;
				CLANG_WARN_CONSTANT_CONVERSION = YES;
				CLANG_WARN_DEPRECATED_OBJC_IMPLEMENTATIONS = YES;
				CLANG_WARN_DIRECT_OBJC_ISA_USAGE = YES_ERROR;
				CLANG_WARN_DOCUMENTATION_COMMENTS = YES;
				CLANG_WARN_EMPTY_BODY = YES;
				CLANG_WARN_ENUM_CONVERSION = YES;
				CLANG_WARN_INFINITE_RECURSION = YES;
				CLANG_WARN_INT_CONVERSION = YES;
				CLANG_WARN_NON_LITERAL_NULL_CONVERSION = YES;
				CLANG_WARN_OBJC_IMPLICIT_RETAIN_SELF = YES;
				CLANG_WARN_OBJC_LITERAL_CONVERSION = YES;
				CLANG_WARN_OBJC_ROOT_CLASS = YES_ERROR;
				CLANG_WARN_QUOTED_INCLUDE_IN_FRAMEWORK_HEADER = YES;
				CLANG_WARN_RANGE_LOOP_ANALYSIS = YES;
				CLANG_WARN_STRICT_PROTOTYPES = YES;
				CLANG_WARN_SUSPICIOUS_MOVE = YES;
				CLANG_WARN_UNGUARDED_AVAILABILITY = YES_AGGRESSIVE;
				CLANG_WARN_UNREACHABLE_CODE = YES;
				CLANG_WARN__DUPLICATE_METHOD_MATCH = YES;
				COPY_PHASE_STRIP = NO;
				DEBUG_INFORMATION_FORMAT = "dwarf-with-dsym";
				ENABLE_NS_ASSERTIONS = NO;
				ENABLE_STRICT_OBJC_MSGSEND = YES;
				ENABLE_USER_SCRIPT_SANDBOXING = YES;
				GCC_C_LANGUAGE_STANDARD = gnu17;
				GCC_NO_COMMON_BLOCKS = YES;
				GCC_WARN_64_TO_32_BIT_CONVERSION = YES;
				GCC_WARN_ABOUT_RETURN_TYPE = YES_ERROR;
				GCC_WARN_UNDECLARED_SELECTOR = YES;
				GCC_WARN_UNINITIALIZED_AUTOS = YES_AGGRESSIVE;
				GCC_WARN_UNUSED_FUNCTION = YES;
				GCC_WARN_UNUSED_VARIABLE = YES;
				IPHONEOS_DEPLOYMENT_TARGET = 17.5;
				LOCALIZATION_PREFERS_STRING_CATALOGS = YES;
				MTL_ENABLE_DEBUG_INFO = NO;
				MTL_FAST_MATH = YES;
				SDKROOT = iphoneos;
				SWIFT_COMPILATION_MODE = wholemodule;
				VALIDATE_PRODUCT = YES;
			};
			name = Release;
		};
		99EBE9702C0083A300789C9F /* Debug */ = {
			isa = XCBuildConfiguration;
			buildSettings = {
				ASSETCATALOG_COMPILER_APPICON_NAME = AppIcon;
				ASSETCATALOG_COMPILER_GLOBAL_ACCENT_COLOR_NAME = AccentColor;
				CODE_SIGN_STYLE = Automatic;
				CURRENT_PROJECT_VERSION = 1;
				DEVELOPMENT_ASSET_PATHS = "\"Life Vision/Preview Content\"";
				DEVELOPMENT_TEAM = A5PNFW5LM9;
				ENABLE_PREVIEWS = YES;
				GENERATE_INFOPLIST_FILE = YES;
				INFOPLIST_KEY_UIApplicationSceneManifest_Generation = YES;
				INFOPLIST_KEY_UIApplicationSupportsIndirectInputEvents = YES;
				INFOPLIST_KEY_UILaunchScreen_Generation = YES;
				INFOPLIST_KEY_UISupportedInterfaceOrientations_iPad = "UIInterfaceOrientationPortrait UIInterfaceOrientationPortraitUpsideDown UIInterfaceOrientationLandscapeLeft UIInterfaceOrientationLandscapeRight";
				INFOPLIST_KEY_UISupportedInterfaceOrientations_iPhone = "UIInterfaceOrientationPortrait UIInterfaceOrientationLandscapeLeft UIInterfaceOrientationLandscapeRight";
				LD_RUNPATH_SEARCH_PATHS = (
					"$(inherited)",
					"@executable_path/Frameworks",
				);
				MARKETING_VERSION = 1.0;
				PRODUCT_BUNDLE_IDENTIFIER = "com.vision.Life-Vision";
				PRODUCT_NAME = "$(TARGET_NAME)";
				SWIFT_EMIT_LOC_STRINGS = YES;
				SWIFT_VERSION = 5.0;
				TARGETED_DEVICE_FAMILY = "1,2";
			};
			name = Debug;
		};
		99EBE9712C0083A300789C9F /* Release */ = {
			isa = XCBuildConfiguration;
			buildSettings = {
				ASSETCATALOG_COMPILER_APPICON_NAME = AppIcon;
				ASSETCATALOG_COMPILER_GLOBAL_ACCENT_COLOR_NAME = AccentColor;
				CODE_SIGN_STYLE = Automatic;
				CURRENT_PROJECT_VERSION = 1;
				DEVELOPMENT_ASSET_PATHS = "\"Life Vision/Preview Content\"";
				DEVELOPMENT_TEAM = A5PNFW5LM9;
				ENABLE_PREVIEWS = YES;
				GENERATE_INFOPLIST_FILE = YES;
				INFOPLIST_KEY_UIApplicationSceneManifest_Generation = YES;
				INFOPLIST_KEY_UIApplicationSupportsIndirectInputEvents = YES;
				INFOPLIST_KEY_UILaunchScreen_Generation = YES;
				INFOPLIST_KEY_UISupportedInterfaceOrientations_iPad = "UIInterfaceOrientationPortrait UIInterfaceOrientationPortraitUpsideDown UIInterfaceOrientationLandscapeLeft UIInterfaceOrientationLandscapeRight";
				INFOPLIST_KEY_UISupportedInterfaceOrientations_iPhone = "UIInterfaceOrientationPortrait UIInterfaceOrientationLandscapeLeft UIInterfaceOrientationLandscapeRight";
				LD_RUNPATH_SEARCH_PATHS = (
					"$(inherited)",
					"@executable_path/Frameworks",
				);
				MARKETING_VERSION = 1.0;
				PRODUCT_BUNDLE_IDENTIFIER = "com.vision.Life-Vision";
				PRODUCT_NAME = "$(TARGET_NAME)";
				SWIFT_EMIT_LOC_STRINGS = YES;
				SWIFT_VERSION = 5.0;
				TARGETED_DEVICE_FAMILY = "1,2";
			};
			name = Release;
		};
		99EBE9732C0083A300789C9F /* Debug */ = {
			isa = XCBuildConfiguration;
			buildSettings = {
				ALWAYS_EMBED_SWIFT_STANDARD_LIBRARIES = YES;
				BUNDLE_LOADER = "$(TEST_HOST)";
				CODE_SIGN_STYLE = Automatic;
				CURRENT_PROJECT_VERSION = 1;
				DEVELOPMENT_TEAM = A5PNFW5LM9;
				GENERATE_INFOPLIST_FILE = YES;
				IPHONEOS_DEPLOYMENT_TARGET = 17.5;
				MARKETING_VERSION = 1.0;
				PRODUCT_BUNDLE_IDENTIFIER = "com.apple.Life-VisionTests";
				PRODUCT_NAME = "$(TARGET_NAME)";
				SWIFT_EMIT_LOC_STRINGS = NO;
				SWIFT_VERSION = 5.0;
				TARGETED_DEVICE_FAMILY = "1,2";
				TEST_HOST = "$(BUILT_PRODUCTS_DIR)/Life Vision.app/$(BUNDLE_EXECUTABLE_FOLDER_PATH)/Life Vision";
			};
			name = Debug;
		};
		99EBE9742C0083A300789C9F /* Release */ = {
			isa = XCBuildConfiguration;
			buildSettings = {
				ALWAYS_EMBED_SWIFT_STANDARD_LIBRARIES = YES;
				BUNDLE_LOADER = "$(TEST_HOST)";
				CODE_SIGN_STYLE = Automatic;
				CURRENT_PROJECT_VERSION = 1;
				DEVELOPMENT_TEAM = A5PNFW5LM9;
				GENERATE_INFOPLIST_FILE = YES;
				IPHONEOS_DEPLOYMENT_TARGET = 17.5;
				MARKETING_VERSION = 1.0;
				PRODUCT_BUNDLE_IDENTIFIER = "com.apple.Life-VisionTests";
				PRODUCT_NAME = "$(TARGET_NAME)";
				SWIFT_EMIT_LOC_STRINGS = NO;
				SWIFT_VERSION = 5.0;
				TARGETED_DEVICE_FAMILY = "1,2";
				TEST_HOST = "$(BUILT_PRODUCTS_DIR)/Life Vision.app/$(BUNDLE_EXECUTABLE_FOLDER_PATH)/Life Vision";
			};
			name = Release;
		};
		99EBE9762C0083A300789C9F /* Debug */ = {
			isa = XCBuildConfiguration;
			buildSettings = {
				ALWAYS_EMBED_SWIFT_STANDARD_LIBRARIES = YES;
				CODE_SIGN_STYLE = Automatic;
				CURRENT_PROJECT_VERSION = 1;
				DEVELOPMENT_TEAM = A5PNFW5LM9;
				GENERATE_INFOPLIST_FILE = YES;
				MARKETING_VERSION = 1.0;
				PRODUCT_BUNDLE_IDENTIFIER = "com.apple.Life-VisionUITests";
				PRODUCT_NAME = "$(TARGET_NAME)";
				SWIFT_EMIT_LOC_STRINGS = NO;
				SWIFT_VERSION = 5.0;
				TARGETED_DEVICE_FAMILY = "1,2";
				TEST_TARGET_NAME = "Life Vision";
			};
			name = Debug;
		};
		99EBE9772C0083A300789C9F /* Release */ = {
			isa = XCBuildConfiguration;
			buildSettings = {
				ALWAYS_EMBED_SWIFT_STANDARD_LIBRARIES = YES;
				CODE_SIGN_STYLE = Automatic;
				CURRENT_PROJECT_VERSION = 1;
				DEVELOPMENT_TEAM = A5PNFW5LM9;
				GENERATE_INFOPLIST_FILE = YES;
				MARKETING_VERSION = 1.0;
				PRODUCT_BUNDLE_IDENTIFIER = "com.apple.Life-VisionUITests";
				PRODUCT_NAME = "$(TARGET_NAME)";
				SWIFT_EMIT_LOC_STRINGS = NO;
				SWIFT_VERSION = 5.0;
				TARGETED_DEVICE_FAMILY = "1,2";
				TEST_TARGET_NAME = "Life Vision";
			};
			name = Release;
		};
/* End XCBuildConfiguration section */

/* Begin XCConfigurationList section */
		99EBE9462C0083A200789C9F /* Build configuration list for PBXProject "Life Vision" */ = {
			isa = XCConfigurationList;
			buildConfigurations = (
				99EBE96D2C0083A300789C9F /* Debug */,
				99EBE96E2C0083A300789C9F /* Release */,
			);
			defaultConfigurationIsVisible = 0;
			defaultConfigurationName = Release;
		};
		99EBE96F2C0083A300789C9F /* Build configuration list for PBXNativeTarget "Life Vision" */ = {
			isa = XCConfigurationList;
			buildConfigurations = (
				99EBE9702C0083A300789C9F /* Debug */,
				99EBE9712C0083A300789C9F /* Release */,
			);
			defaultConfigurationIsVisible = 0;
			defaultConfigurationName = Release;
		};
		99EBE9722C0083A300789C9F /* Build configuration list for PBXNativeTarget "Life VisionTests" */ = {
			isa = XCConfigurationList;
			buildConfigurations = (
				99EBE9732C0083A300789C9F /* Debug */,
				99EBE9742C0083A300789C9F /* Release */,
			);
			defaultConfigurationIsVisible = 0;
			defaultConfigurationName = Release;
		};
		99EBE9752C0083A300789C9F /* Build configuration list for PBXNativeTarget "Life VisionUITests" */ = {
			isa = XCConfigurationList;
			buildConfigurations = (
				99EBE9762C0083A300789C9F /* Debug */,
				99EBE9772C0083A300789C9F /* Release */,
			);
			defaultConfigurationIsVisible = 0;
			defaultConfigurationName = Release;
		};
/* End XCConfigurationList section */

/* Begin XCRemoteSwiftPackageReference section */
		99EBEA082C013A1700789C9F /* XCRemoteSwiftPackageReference "firebase-ios-sdk" */ = {
			isa = XCRemoteSwiftPackageReference;
			repositoryURL = "https://github.com/firebase/firebase-ios-sdk";
			requirement = {
				kind = upToNextMajorVersion;
				minimumVersion = 10.26.0;
			};
		};
/* End XCRemoteSwiftPackageReference section */

/* Begin XCSwiftPackageProductDependency section */
		99EBEA092C013A1700789C9F /* FirebaseAuth */ = {
			isa = XCSwiftPackageProductDependency;
			package = 99EBEA082C013A1700789C9F /* XCRemoteSwiftPackageReference "firebase-ios-sdk" */;
			productName = FirebaseAuth;
		};
		99EBEA0B2C013A1700789C9F /* FirebaseFirestore */ = {
			isa = XCSwiftPackageProductDependency;
			package = 99EBEA082C013A1700789C9F /* XCRemoteSwiftPackageReference "firebase-ios-sdk" */;
			productName = FirebaseFirestore;
		};
		99EBEA0D2C013A1700789C9F /* FirebaseStorage */ = {
			isa = XCSwiftPackageProductDependency;
			package = 99EBEA082C013A1700789C9F /* XCRemoteSwiftPackageReference "firebase-ios-sdk" */;
			productName = FirebaseStorage;
		};
/* End XCSwiftPackageProductDependency section */
	};
	rootObject = 99EBE9432C0083A200789C9F /* Project object */;
}
