// !$*UTF8*$!
{
	archiveVersion = 1;
	classes = {
	};
	objectVersion = 56;
	objects = {

/* Begin PBXBuildFile section */
		99EBE9532C0083A300789C9F /* Assets.xcassets in Resources */ = {isa = PBXBuildFile; fileRef = 99EBE9522C0083A300789C9F /* Assets.xcassets */; };
		99EBE9562C0083A300789C9F /* Preview Assets.xcassets in Resources */ = {isa = PBXBuildFile; fileRef = 99EBE9552C0083A300789C9F /* Preview Assets.xcassets */; };
		99EBE9602C0083A300789C9F /* Life_VisionTests.swift in Sources */ = {isa = PBXBuildFile; fileRef = 99EBE95F2C0083A300789C9F /* Life_VisionTests.swift */; };
		99EBE96A2C0083A300789C9F /* Life_VisionUITests.swift in Sources */ = {isa = PBXBuildFile; fileRef = 99EBE9692C0083A300789C9F /* Life_VisionUITests.swift */; };
		99EBE96C2C0083A300789C9F /* Life_VisionUITestsLaunchTests.swift in Sources */ = {isa = PBXBuildFile; fileRef = 99EBE96B2C0083A300789C9F /* Life_VisionUITestsLaunchTests.swift */; };
		99EBE97A2C00845300789C9F /* LifeVisionAppDelegate.swift in Sources */ = {isa = PBXBuildFile; fileRef = 99EBE9792C00845300789C9F /* LifeVisionAppDelegate.swift */; };
		99EBE9802C00849C00789C9F /* RootView.swift in Sources */ = {isa = PBXBuildFile; fileRef = 99EBE97F2C00849C00789C9F /* RootView.swift */; };
		99EBE9822C0084DB00789C9F /* RootViewModel.swift in Sources */ = {isa = PBXBuildFile; fileRef = 99EBE9812C0084DB00789C9F /* RootViewModel.swift */; };
		99EBE9852C00864000789C9F /* UserDefaults+Extension.swift in Sources */ = {isa = PBXBuildFile; fileRef = 99EBE9842C00864000789C9F /* UserDefaults+Extension.swift */; };
		99EBE99F2C00876200789C9F /* Language.swift in Sources */ = {isa = PBXBuildFile; fileRef = 99EBE99E2C00876200789C9F /* Language.swift */; };
		99EBE9A72C0088B500789C9F /* ToggleDisclosureGroupView.swift in Sources */ = {isa = PBXBuildFile; fileRef = 99EBE9A62C0088B500789C9F /* ToggleDisclosureGroupView.swift */; };
		99EBE9AD2C0088C400789C9F /* MenuItemView.swift in Sources */ = {isa = PBXBuildFile; fileRef = 99EBE9A82C0088C400789C9F /* MenuItemView.swift */; };
		99EBE9AE2C0088C400789C9F /* NavigationLinkItemView.swift in Sources */ = {isa = PBXBuildFile; fileRef = 99EBE9A92C0088C400789C9F /* NavigationLinkItemView.swift */; };
		99EBE9AF2C0088C400789C9F /* TitleItemView.swift in Sources */ = {isa = PBXBuildFile; fileRef = 99EBE9AA2C0088C400789C9F /* TitleItemView.swift */; };
		99EBE9B02C0088C400789C9F /* ToggleItemView.swift in Sources */ = {isa = PBXBuildFile; fileRef = 99EBE9AB2C0088C400789C9F /* ToggleItemView.swift */; };
		99EBE9B32C0088CA00789C9F /* DefaultView.swift in Sources */ = {isa = PBXBuildFile; fileRef = 99EBE9B12C0088CA00789C9F /* DefaultView.swift */; };
		99EBE9BA2C0088F200789C9F /* SectionItem.swift in Sources */ = {isa = PBXBuildFile; fileRef = 99EBE9B52C0088F200789C9F /* SectionItem.swift */; };
		99EBE9BB2C0088F200789C9F /* SectionItemEnum.swift in Sources */ = {isa = PBXBuildFile; fileRef = 99EBE9B72C0088F200789C9F /* SectionItemEnum.swift */; };
		99EBE9CC2C008A4900789C9F /* AccountSectionConstant.swift in Sources */ = {isa = PBXBuildFile; fileRef = 99EBE9BC2C008A4900789C9F /* AccountSectionConstant.swift */; };
		99EBE9CD2C008A4900789C9F /* AccountDestination.swift in Sources */ = {isa = PBXBuildFile; fileRef = 99EBE9BE2C008A4900789C9F /* AccountDestination.swift */; };
		99EBE9CF2C008A4900789C9F /* AboutUsView.swift in Sources */ = {isa = PBXBuildFile; fileRef = 99EBE9C22C008A4900789C9F /* AboutUsView.swift */; };
		99EBE9D02C008A4900789C9F /* LanguageView.swift in Sources */ = {isa = PBXBuildFile; fileRef = 99EBE9C32C008A4900789C9F /* LanguageView.swift */; };
		99EBE9D12C008A4900789C9F /* NotificationView.swift in Sources */ = {isa = PBXBuildFile; fileRef = 99EBE9C42C008A4900789C9F /* NotificationView.swift */; };
		99EBE9D22C008A4900789C9F /* PrivacyAndPolicyView.swift in Sources */ = {isa = PBXBuildFile; fileRef = 99EBE9C52C008A4900789C9F /* PrivacyAndPolicyView.swift */; };
		99EBE9D32C008A4900789C9F /* ProfileView.swift in Sources */ = {isa = PBXBuildFile; fileRef = 99EBE9C62C008A4900789C9F /* ProfileView.swift */; };
		99EBE9D42C008A4900789C9F /* TermsAndConditionsView.swift in Sources */ = {isa = PBXBuildFile; fileRef = 99EBE9C72C008A4900789C9F /* TermsAndConditionsView.swift */; };
		99EBE9D52C008A4900789C9F /* AccountView.swift in Sources */ = {isa = PBXBuildFile; fileRef = 99EBE9C92C008A4900789C9F /* AccountView.swift */; };
		99EBE9D62C008A4900789C9F /* AccountViewModel.swift in Sources */ = {isa = PBXBuildFile; fileRef = 99EBE9CA2C008A4900789C9F /* AccountViewModel.swift */; };
		99EBE9E02C008BD900789C9F /* View+Extension.swift in Sources */ = {isa = PBXBuildFile; fileRef = 99EBE9DF2C008BD900789C9F /* View+Extension.swift */; };
		99EBE9E32C008C3E00789C9F /* TabEnum.swift in Sources */ = {isa = PBXBuildFile; fileRef = 99EBE9E22C008C3E00789C9F /* TabEnum.swift */; };
		99EBE9E72C008C5100789C9F /* CalendarView.swift in Sources */ = {isa = PBXBuildFile; fileRef = 99EBE9E42C008C5100789C9F /* CalendarView.swift */; };
		99EBE9E82C008C5100789C9F /* CalendarViewModel.swift in Sources */ = {isa = PBXBuildFile; fileRef = 99EBE9E52C008C5100789C9F /* CalendarViewModel.swift */; };
		99EBE9EC2C008C6F00789C9F /* SearchView.swift in Sources */ = {isa = PBXBuildFile; fileRef = 99EBE9E92C008C6F00789C9F /* SearchView.swift */; };
		99EBE9ED2C008C6F00789C9F /* SearchViewModel.swift in Sources */ = {isa = PBXBuildFile; fileRef = 99EBE9EA2C008C6F00789C9F /* SearchViewModel.swift */; };
		99EBE9F82C008C7700789C9F /* TaskSectionConstant.swift in Sources */ = {isa = PBXBuildFile; fileRef = 99EBE9EE2C008C7700789C9F /* TaskSectionConstant.swift */; };
		99EBE9F92C008C7700789C9F /* TaskDestination.swift in Sources */ = {isa = PBXBuildFile; fileRef = 99EBE9F02C008C7700789C9F /* TaskDestination.swift */; };
		99EBE9FA2C008C7700789C9F /* RepeatView.swift in Sources */ = {isa = PBXBuildFile; fileRef = 99EBE9F22C008C7700789C9F /* RepeatView.swift */; };
		99EBE9FB2C008C7700789C9F /* TagsView.swift in Sources */ = {isa = PBXBuildFile; fileRef = 99EBE9F32C008C7700789C9F /* TagsView.swift */; };
		99EBE9FC2C008C7700789C9F /* TaskView.swift in Sources */ = {isa = PBXBuildFile; fileRef = 99EBE9F52C008C7700789C9F /* TaskView.swift */; };
		99EBE9FD2C008C7700789C9F /* TaskViewModel.swift in Sources */ = {isa = PBXBuildFile; fileRef = 99EBE9F62C008C7700789C9F /* TaskViewModel.swift */; };
		99EBEA022C008CFA00789C9F /* HomeView.swift in Sources */ = {isa = PBXBuildFile; fileRef = 99EBE9FF2C008CFA00789C9F /* HomeView.swift */; };
		99EBEA032C008CFA00789C9F /* HomeViewModel.swift in Sources */ = {isa = PBXBuildFile; fileRef = 99EBEA002C008CFA00789C9F /* HomeViewModel.swift */; };
		99EBEA052C00CF4C00789C9F /* LifeVisionApp.swift in Sources */ = {isa = PBXBuildFile; fileRef = 99EBEA042C00CF4C00789C9F /* LifeVisionApp.swift */; };
		99EBEA072C01352700789C9F /* Theme.swift in Sources */ = {isa = PBXBuildFile; fileRef = 99EBEA062C01352700789C9F /* Theme.swift */; };
/* End PBXBuildFile section */

/* Begin PBXContainerItemProxy section */
		99EBE95C2C0083A300789C9F /* PBXContainerItemProxy */ = {
			isa = PBXContainerItemProxy;
			containerPortal = 99EBE9432C0083A200789C9F /* Project object */;
			proxyType = 1;
			remoteGlobalIDString = 99EBE94A2C0083A200789C9F;
			remoteInfo = "Life Vision";
		};
		99EBE9662C0083A300789C9F /* PBXContainerItemProxy */ = {
			isa = PBXContainerItemProxy;
			containerPortal = 99EBE9432C0083A200789C9F /* Project object */;
			proxyType = 1;
			remoteGlobalIDString = 99EBE94A2C0083A200789C9F;
			remoteInfo = "Life Vision";
		};
/* End PBXContainerItemProxy section */

/* Begin PBXFileReference section */
		99EBE94B2C0083A200789C9F /* Life Vision.app */ = {isa = PBXFileReference; explicitFileType = wrapper.application; includeInIndex = 0; path = "Life Vision.app"; sourceTree = BUILT_PRODUCTS_DIR; };
		99EBE9522C0083A300789C9F /* Assets.xcassets */ = {isa = PBXFileReference; lastKnownFileType = folder.assetcatalog; path = Assets.xcassets; sourceTree = "<group>"; };
		99EBE9552C0083A300789C9F /* Preview Assets.xcassets */ = {isa = PBXFileReference; lastKnownFileType = folder.assetcatalog; path = "Preview Assets.xcassets"; sourceTree = "<group>"; };
		99EBE95B2C0083A300789C9F /* Life VisionTests.xctest */ = {isa = PBXFileReference; explicitFileType = wrapper.cfbundle; includeInIndex = 0; path = "Life VisionTests.xctest"; sourceTree = BUILT_PRODUCTS_DIR; };
		99EBE95F2C0083A300789C9F /* Life_VisionTests.swift */ = {isa = PBXFileReference; lastKnownFileType = sourcecode.swift; path = Life_VisionTests.swift; sourceTree = "<group>"; };
		99EBE9652C0083A300789C9F /* Life VisionUITests.xctest */ = {isa = PBXFileReference; explicitFileType = wrapper.cfbundle; includeInIndex = 0; path = "Life VisionUITests.xctest"; sourceTree = BUILT_PRODUCTS_DIR; };
		99EBE9692C0083A300789C9F /* Life_VisionUITests.swift */ = {isa = PBXFileReference; lastKnownFileType = sourcecode.swift; path = Life_VisionUITests.swift; sourceTree = "<group>"; };
		99EBE96B2C0083A300789C9F /* Life_VisionUITestsLaunchTests.swift */ = {isa = PBXFileReference; lastKnownFileType = sourcecode.swift; path = Life_VisionUITestsLaunchTests.swift; sourceTree = "<group>"; };
		99EBE9792C00845300789C9F /* LifeVisionAppDelegate.swift */ = {isa = PBXFileReference; lastKnownFileType = sourcecode.swift; path = LifeVisionAppDelegate.swift; sourceTree = "<group>"; };
		99EBE97F2C00849C00789C9F /* RootView.swift */ = {isa = PBXFileReference; lastKnownFileType = sourcecode.swift; path = RootView.swift; sourceTree = "<group>"; };
		99EBE9812C0084DB00789C9F /* RootViewModel.swift */ = {isa = PBXFileReference; lastKnownFileType = sourcecode.swift; path = RootViewModel.swift; sourceTree = "<group>"; };
		99EBE9842C00864000789C9F /* UserDefaults+Extension.swift */ = {isa = PBXFileReference; lastKnownFileType = sourcecode.swift; path = "UserDefaults+Extension.swift"; sourceTree = "<group>"; };
		99EBE99E2C00876200789C9F /* Language.swift */ = {isa = PBXFileReference; lastKnownFileType = sourcecode.swift; path = Language.swift; sourceTree = "<group>"; };
		99EBE9A62C0088B500789C9F /* ToggleDisclosureGroupView.swift */ = {isa = PBXFileReference; fileEncoding = 4; lastKnownFileType = sourcecode.swift; name = ToggleDisclosureGroupView.swift; path = "../../../../../../../Desktop/Default App/Feature/Component/DisclosureGroup/ToggleDisclosureGroupView.swift"; sourceTree = "<group>"; };
		99EBE9A82C0088C400789C9F /* MenuItemView.swift */ = {isa = PBXFileReference; fileEncoding = 4; lastKnownFileType = sourcecode.swift; path = MenuItemView.swift; sourceTree = "<group>"; };
		99EBE9A92C0088C400789C9F /* NavigationLinkItemView.swift */ = {isa = PBXFileReference; fileEncoding = 4; lastKnownFileType = sourcecode.swift; path = NavigationLinkItemView.swift; sourceTree = "<group>"; };
		99EBE9AA2C0088C400789C9F /* TitleItemView.swift */ = {isa = PBXFileReference; fileEncoding = 4; lastKnownFileType = sourcecode.swift; path = TitleItemView.swift; sourceTree = "<group>"; };
		99EBE9AB2C0088C400789C9F /* ToggleItemView.swift */ = {isa = PBXFileReference; fileEncoding = 4; lastKnownFileType = sourcecode.swift; path = ToggleItemView.swift; sourceTree = "<group>"; };
		99EBE9B12C0088CA00789C9F /* DefaultView.swift */ = {isa = PBXFileReference; fileEncoding = 4; lastKnownFileType = sourcecode.swift; path = DefaultView.swift; sourceTree = "<group>"; };
		99EBE9B52C0088F200789C9F /* SectionItem.swift */ = {isa = PBXFileReference; fileEncoding = 4; lastKnownFileType = sourcecode.swift; path = SectionItem.swift; sourceTree = "<group>"; };
		99EBE9B72C0088F200789C9F /* SectionItemEnum.swift */ = {isa = PBXFileReference; fileEncoding = 4; lastKnownFileType = sourcecode.swift; path = SectionItemEnum.swift; sourceTree = "<group>"; };
		99EBE9BC2C008A4900789C9F /* AccountSectionConstant.swift */ = {isa = PBXFileReference; fileEncoding = 4; lastKnownFileType = sourcecode.swift; path = AccountSectionConstant.swift; sourceTree = "<group>"; };
		99EBE9BE2C008A4900789C9F /* AccountDestination.swift */ = {isa = PBXFileReference; fileEncoding = 4; lastKnownFileType = sourcecode.swift; path = AccountDestination.swift; sourceTree = "<group>"; };
		99EBE9C22C008A4900789C9F /* AboutUsView.swift */ = {isa = PBXFileReference; fileEncoding = 4; lastKnownFileType = sourcecode.swift; path = AboutUsView.swift; sourceTree = "<group>"; };
		99EBE9C32C008A4900789C9F /* LanguageView.swift */ = {isa = PBXFileReference; fileEncoding = 4; lastKnownFileType = sourcecode.swift; path = LanguageView.swift; sourceTree = "<group>"; };
		99EBE9C42C008A4900789C9F /* NotificationView.swift */ = {isa = PBXFileReference; fileEncoding = 4; lastKnownFileType = sourcecode.swift; path = NotificationView.swift; sourceTree = "<group>"; };
		99EBE9C52C008A4900789C9F /* PrivacyAndPolicyView.swift */ = {isa = PBXFileReference; fileEncoding = 4; lastKnownFileType = sourcecode.swift; path = PrivacyAndPolicyView.swift; sourceTree = "<group>"; };
		99EBE9C62C008A4900789C9F /* ProfileView.swift */ = {isa = PBXFileReference; fileEncoding = 4; lastKnownFileType = sourcecode.swift; path = ProfileView.swift; sourceTree = "<group>"; };
		99EBE9C72C008A4900789C9F /* TermsAndConditionsView.swift */ = {isa = PBXFileReference; fileEncoding = 4; lastKnownFileType = sourcecode.swift; path = TermsAndConditionsView.swift; sourceTree = "<group>"; };
		99EBE9C92C008A4900789C9F /* AccountView.swift */ = {isa = PBXFileReference; fileEncoding = 4; lastKnownFileType = sourcecode.swift; path = AccountView.swift; sourceTree = "<group>"; };
		99EBE9CA2C008A4900789C9F /* AccountViewModel.swift */ = {isa = PBXFileReference; fileEncoding = 4; lastKnownFileType = sourcecode.swift; path = AccountViewModel.swift; sourceTree = "<group>"; };
		99EBE9DD2C008AEB00789C9F /* Theme+Extension.swift */ = {isa = PBXFileReference; lastKnownFileType = sourcecode.swift; path = "Theme+Extension.swift"; sourceTree = "<group>"; };
		99EBE9DF2C008BD900789C9F /* View+Extension.swift */ = {isa = PBXFileReference; lastKnownFileType = sourcecode.swift; path = "View+Extension.swift"; sourceTree = "<group>"; };
		99EBE9E22C008C3E00789C9F /* TabEnum.swift */ = {isa = PBXFileReference; lastKnownFileType = sourcecode.swift; path = TabEnum.swift; sourceTree = "<group>"; };
		99EBE9E42C008C5100789C9F /* CalendarView.swift */ = {isa = PBXFileReference; fileEncoding = 4; lastKnownFileType = sourcecode.swift; path = CalendarView.swift; sourceTree = "<group>"; };
		99EBE9E52C008C5100789C9F /* CalendarViewModel.swift */ = {isa = PBXFileReference; fileEncoding = 4; lastKnownFileType = sourcecode.swift; path = CalendarViewModel.swift; sourceTree = "<group>"; };
		99EBE9E92C008C6F00789C9F /* SearchView.swift */ = {isa = PBXFileReference; fileEncoding = 4; lastKnownFileType = sourcecode.swift; path = SearchView.swift; sourceTree = "<group>"; };
		99EBE9EA2C008C6F00789C9F /* SearchViewModel.swift */ = {isa = PBXFileReference; fileEncoding = 4; lastKnownFileType = sourcecode.swift; path = SearchViewModel.swift; sourceTree = "<group>"; };
		99EBE9EE2C008C7700789C9F /* TaskSectionConstant.swift */ = {isa = PBXFileReference; fileEncoding = 4; lastKnownFileType = sourcecode.swift; path = TaskSectionConstant.swift; sourceTree = "<group>"; };
		99EBE9F02C008C7700789C9F /* TaskDestination.swift */ = {isa = PBXFileReference; fileEncoding = 4; lastKnownFileType = sourcecode.swift; path = TaskDestination.swift; sourceTree = "<group>"; };
		99EBE9F22C008C7700789C9F /* RepeatView.swift */ = {isa = PBXFileReference; fileEncoding = 4; lastKnownFileType = sourcecode.swift; path = RepeatView.swift; sourceTree = "<group>"; };
		99EBE9F32C008C7700789C9F /* TagsView.swift */ = {isa = PBXFileReference; fileEncoding = 4; lastKnownFileType = sourcecode.swift; path = TagsView.swift; sourceTree = "<group>"; };
		99EBE9F52C008C7700789C9F /* TaskView.swift */ = {isa = PBXFileReference; fileEncoding = 4; lastKnownFileType = sourcecode.swift; path = TaskView.swift; sourceTree = "<group>"; };
		99EBE9F62C008C7700789C9F /* TaskViewModel.swift */ = {isa = PBXFileReference; fileEncoding = 4; lastKnownFileType = sourcecode.swift; path = TaskViewModel.swift; sourceTree = "<group>"; };
		99EBE9FF2C008CFA00789C9F /* HomeView.swift */ = {isa = PBXFileReference; fileEncoding = 4; lastKnownFileType = sourcecode.swift; path = HomeView.swift; sourceTree = "<group>"; };
		99EBEA002C008CFA00789C9F /* HomeViewModel.swift */ = {isa = PBXFileReference; fileEncoding = 4; lastKnownFileType = sourcecode.swift; path = HomeViewModel.swift; sourceTree = "<group>"; };
		99EBEA042C00CF4C00789C9F /* LifeVisionApp.swift */ = {isa = PBXFileReference; lastKnownFileType = sourcecode.swift; path = LifeVisionApp.swift; sourceTree = "<group>"; };
		99EBEA062C01352700789C9F /* Theme.swift */ = {isa = PBXFileReference; lastKnownFileType = sourcecode.swift; path = Theme.swift; sourceTree = "<group>"; };
/* End PBXFileReference section */

/* Begin PBXFrameworksBuildPhase section */
		99EBE9482C0083A200789C9F /* Frameworks */ = {
			isa = PBXFrameworksBuildPhase;
			buildActionMask = 2147483647;
			files = (
			);
			runOnlyForDeploymentPostprocessing = 0;
		};
		99EBE9582C0083A300789C9F /* Frameworks */ = {
			isa = PBXFrameworksBuildPhase;
			buildActionMask = 2147483647;
			files = (
			);
			runOnlyForDeploymentPostprocessing = 0;
		};
		99EBE9622C0083A300789C9F /* Frameworks */ = {
			isa = PBXFrameworksBuildPhase;
			buildActionMask = 2147483647;
			files = (
			);
			runOnlyForDeploymentPostprocessing = 0;
		};
/* End PBXFrameworksBuildPhase section */

/* Begin PBXGroup section */
		99EBE9422C0083A200789C9F = {
			isa = PBXGroup;
			children = (
				99EBE94D2C0083A200789C9F /* Life Vision */,
				99EBE95E2C0083A300789C9F /* Life VisionTests */,
				99EBE9682C0083A300789C9F /* Life VisionUITests */,
				99EBE94C2C0083A200789C9F /* Products */,
			);
			sourceTree = "<group>";
		};
		99EBE94C2C0083A200789C9F /* Products */ = {
			isa = PBXGroup;
			children = (
				99EBE94B2C0083A200789C9F /* Life Vision.app */,
				99EBE95B2C0083A300789C9F /* Life VisionTests.xctest */,
				99EBE9652C0083A300789C9F /* Life VisionUITests.xctest */,
			);
			name = Products;
			sourceTree = "<group>";
		};
		99EBE94D2C0083A200789C9F /* Life Vision */ = {
			isa = PBXGroup;
			children = (
				99EBE9782C00844100789C9F /* App */,
				99EBE97D2C00847E00789C9F /* Core */,
				99EBE97C2C00847000789C9F /* Feature */,
				99EBE9522C0083A300789C9F /* Assets.xcassets */,
				99EBE9542C0083A300789C9F /* Preview Content */,
			);
			path = "Life Vision";
			sourceTree = "<group>";
		};
		99EBE9542C0083A300789C9F /* Preview Content */ = {
			isa = PBXGroup;
			children = (
				99EBE9552C0083A300789C9F /* Preview Assets.xcassets */,
			);
			path = "Preview Content";
			sourceTree = "<group>";
		};
		99EBE95E2C0083A300789C9F /* Life VisionTests */ = {
			isa = PBXGroup;
			children = (
				99EBE95F2C0083A300789C9F /* Life_VisionTests.swift */,
			);
			path = "Life VisionTests";
			sourceTree = "<group>";
		};
		99EBE9682C0083A300789C9F /* Life VisionUITests */ = {
			isa = PBXGroup;
			children = (
				99EBE9692C0083A300789C9F /* Life_VisionUITests.swift */,
				99EBE96B2C0083A300789C9F /* Life_VisionUITestsLaunchTests.swift */,
			);
			path = "Life VisionUITests";
			sourceTree = "<group>";
		};
		99EBE9782C00844100789C9F /* App */ = {
			isa = PBXGroup;
			children = (
				99EBEA042C00CF4C00789C9F /* LifeVisionApp.swift */,
				99EBE9792C00845300789C9F /* LifeVisionAppDelegate.swift */,
			);
			path = App;
			sourceTree = "<group>";
		};
		99EBE97B2C00846800789C9F /* Presentation */ = {
			isa = PBXGroup;
			children = (
				99EBE9F72C008C7700789C9F /* Task */,
				99EBE97E2C00849000789C9F /* Root */,
				99EBEA012C008CFA00789C9F /* Home */,
				99EBE9EB2C008C6F00789C9F /* Search */,
				99EBE9CB2C008A4900789C9F /* Account */,
				99EBE9E62C008C5100789C9F /* Calendar */,
			);
			path = Presentation;
			sourceTree = "<group>";
		};
		99EBE97C2C00847000789C9F /* Feature */ = {
			isa = PBXGroup;
			children = (
				99EBE9B92C0088F200789C9F /* Utils */,
				99EBE9DC2C008AEB00789C9F /* Extension */,
				99EBE9A02C00885C00789C9F /* Component */,
				99EBE97B2C00846800789C9F /* Presentation */,
			);
			path = Feature;
			sourceTree = "<group>";
		};
		99EBE97D2C00847E00789C9F /* Core */ = {
			isa = PBXGroup;
			children = (
				99EBE9832C00860B00789C9F /* Extension */,
				99EBE99B2C00870E00789C9F /* Service */,
				99EBE9862C00868F00789C9F /* Utils */,
			);
			path = Core;
			sourceTree = "<group>";
		};
		99EBE97E2C00849000789C9F /* Root */ = {
			isa = PBXGroup;
			children = (
				99EBE9E12C008C3500789C9F /* Enum */,
				99EBE97F2C00849C00789C9F /* RootView.swift */,
				99EBE9812C0084DB00789C9F /* RootViewModel.swift */,
			);
			path = Root;
			sourceTree = "<group>";
		};
		99EBE9832C00860B00789C9F /* Extension */ = {
			isa = PBXGroup;
			children = (
				99EBE9842C00864000789C9F /* UserDefaults+Extension.swift */,
			);
			path = Extension;
			sourceTree = "<group>";
		};
		99EBE9862C00868F00789C9F /* Utils */ = {
			isa = PBXGroup;
			children = (
				99EBE99A2C0086EF00789C9F /* Theme */,
				99EBE9992C0086DB00789C9F /* Language */,
			);
			path = Utils;
			sourceTree = "<group>";
		};
		99EBE9992C0086DB00789C9F /* Language */ = {
			isa = PBXGroup;
			children = (
				99EBE99E2C00876200789C9F /* Language.swift */,
			);
			path = Language;
			sourceTree = "<group>";
		};
		99EBE99A2C0086EF00789C9F /* Theme */ = {
			isa = PBXGroup;
			children = (
				99EBEA062C01352700789C9F /* Theme.swift */,
			);
			path = Theme;
			sourceTree = "<group>";
		};
		99EBE99B2C00870E00789C9F /* Service */ = {
			isa = PBXGroup;
			children = (
			);
			path = Service;
			sourceTree = "<group>";
		};
		99EBE9A02C00885C00789C9F /* Component */ = {
			isa = PBXGroup;
			children = (
				99EBE9B22C0088CA00789C9F /* View */,
				99EBE9AC2C0088C400789C9F /* Section */,
				99EBE9A12C00886D00789C9F /* DisclosureGroup */,
			);
			path = Component;
			sourceTree = "<group>";
		};
		99EBE9A12C00886D00789C9F /* DisclosureGroup */ = {
			isa = PBXGroup;
			children = (
				99EBE9A62C0088B500789C9F /* ToggleDisclosureGroupView.swift */,
			);
			path = DisclosureGroup;
			sourceTree = "<group>";
		};
		99EBE9AC2C0088C400789C9F /* Section */ = {
			isa = PBXGroup;
			children = (
				99EBE9A82C0088C400789C9F /* MenuItemView.swift */,
				99EBE9A92C0088C400789C9F /* NavigationLinkItemView.swift */,
				99EBE9AA2C0088C400789C9F /* TitleItemView.swift */,
				99EBE9AB2C0088C400789C9F /* ToggleItemView.swift */,
			);
			name = Section;
			path = "../../../../../../Desktop/Default App/Feature/Component/Section";
			sourceTree = "<group>";
		};
		99EBE9B22C0088CA00789C9F /* View */ = {
			isa = PBXGroup;
			children = (
				99EBE9B12C0088CA00789C9F /* DefaultView.swift */,
			);
			name = View;
			path = "../../../../../../Desktop/Default App/Feature/Component/View";
			sourceTree = "<group>";
		};
		99EBE9B42C0088F200789C9F /* Constant */ = {
			isa = PBXGroup;
			children = (
			);
			path = Constant;
			sourceTree = "<group>";
		};
		99EBE9B62C0088F200789C9F /* Entities */ = {
			isa = PBXGroup;
			children = (
				99EBE9B52C0088F200789C9F /* SectionItem.swift */,
			);
			path = Entities;
			sourceTree = "<group>";
		};
		99EBE9B82C0088F200789C9F /* Enum */ = {
			isa = PBXGroup;
			children = (
				99EBE9B72C0088F200789C9F /* SectionItemEnum.swift */,
			);
			path = Enum;
			sourceTree = "<group>";
		};
		99EBE9B92C0088F200789C9F /* Utils */ = {
			isa = PBXGroup;
			children = (
				99EBE9B42C0088F200789C9F /* Constant */,
				99EBE9B62C0088F200789C9F /* Entities */,
				99EBE9B82C0088F200789C9F /* Enum */,
			);
			name = Utils;
			path = "../../../../../Desktop/Default App/Feature/Utils";
			sourceTree = "<group>";
		};
		99EBE9BD2C008A4900789C9F /* Constant */ = {
			isa = PBXGroup;
			children = (
				99EBE9BC2C008A4900789C9F /* AccountSectionConstant.swift */,
			);
			path = Constant;
			sourceTree = "<group>";
		};
		99EBE9BF2C008A4900789C9F /* Destination */ = {
			isa = PBXGroup;
			children = (
				99EBE9BE2C008A4900789C9F /* AccountDestination.swift */,
			);
			path = Destination;
			sourceTree = "<group>";
		};
		99EBE9C82C008A4900789C9F /* Link */ = {
			isa = PBXGroup;
			children = (
				99EBE9C62C008A4900789C9F /* ProfileView.swift */,
				99EBE9C22C008A4900789C9F /* AboutUsView.swift */,
				99EBE9C32C008A4900789C9F /* LanguageView.swift */,
				99EBE9C42C008A4900789C9F /* NotificationView.swift */,
				99EBE9C52C008A4900789C9F /* PrivacyAndPolicyView.swift */,
				99EBE9C72C008A4900789C9F /* TermsAndConditionsView.swift */,
			);
			path = Link;
			sourceTree = "<group>";
		};
		99EBE9CB2C008A4900789C9F /* Account */ = {
			isa = PBXGroup;
			children = (
				99EBE9C82C008A4900789C9F /* Link */,
				99EBE9BD2C008A4900789C9F /* Constant */,
				99EBE9BF2C008A4900789C9F /* Destination */,
				99EBE9C92C008A4900789C9F /* AccountView.swift */,
				99EBE9CA2C008A4900789C9F /* AccountViewModel.swift */,
			);
			name = Account;
			path = "../../../../../../Desktop/Default App/Feature/Presentation/Account";
			sourceTree = "<group>";
		};
		99EBE9DC2C008AEB00789C9F /* Extension */ = {
			isa = PBXGroup;
			children = (
				99EBE9DF2C008BD900789C9F /* View+Extension.swift */,
				99EBE9DD2C008AEB00789C9F /* Theme+Extension.swift */,
			);
			path = Extension;
			sourceTree = "<group>";
		};
		99EBE9E12C008C3500789C9F /* Enum */ = {
			isa = PBXGroup;
			children = (
				99EBE9E22C008C3E00789C9F /* TabEnum.swift */,
			);
			path = Enum;
			sourceTree = "<group>";
		};
		99EBE9E62C008C5100789C9F /* Calendar */ = {
			isa = PBXGroup;
			children = (
				99EBE9E42C008C5100789C9F /* CalendarView.swift */,
				99EBE9E52C008C5100789C9F /* CalendarViewModel.swift */,
			);
			name = Calendar;
			path = "../../../../../../Desktop/Default App/Feature/Presentation/Calendar";
			sourceTree = "<group>";
		};
		99EBE9EB2C008C6F00789C9F /* Search */ = {
			isa = PBXGroup;
			children = (
				99EBE9E92C008C6F00789C9F /* SearchView.swift */,
				99EBE9EA2C008C6F00789C9F /* SearchViewModel.swift */,
			);
			name = Search;
			path = "../../../../../../Desktop/Default App/Feature/Presentation/Search";
			sourceTree = "<group>";
		};
		99EBE9EF2C008C7700789C9F /* Constant */ = {
			isa = PBXGroup;
			children = (
				99EBE9EE2C008C7700789C9F /* TaskSectionConstant.swift */,
			);
			path = Constant;
			sourceTree = "<group>";
		};
		99EBE9F12C008C7700789C9F /* Destination */ = {
			isa = PBXGroup;
			children = (
				99EBE9F02C008C7700789C9F /* TaskDestination.swift */,
			);
			path = Destination;
			sourceTree = "<group>";
		};
		99EBE9F42C008C7700789C9F /* Link */ = {
			isa = PBXGroup;
			children = (
				99EBE9F22C008C7700789C9F /* RepeatView.swift */,
				99EBE9F32C008C7700789C9F /* TagsView.swift */,
			);
			path = Link;
			sourceTree = "<group>";
		};
		99EBE9F72C008C7700789C9F /* Task */ = {
			isa = PBXGroup;
			children = (
				99EBE9EF2C008C7700789C9F /* Constant */,
				99EBE9F12C008C7700789C9F /* Destination */,
				99EBE9F42C008C7700789C9F /* Link */,
				99EBE9F52C008C7700789C9F /* TaskView.swift */,
				99EBE9F62C008C7700789C9F /* TaskViewModel.swift */,
			);
			name = Task;
			path = "../../../../../../Desktop/Default App/Feature/Presentation/Task";
			sourceTree = "<group>";
		};
		99EBEA012C008CFA00789C9F /* Home */ = {
			isa = PBXGroup;
			children = (
				99EBE9FF2C008CFA00789C9F /* HomeView.swift */,
				99EBEA002C008CFA00789C9F /* HomeViewModel.swift */,
			);
			name = Home;
			path = "../../../../../../Desktop/Default App/Feature/Presentation/Home";
			sourceTree = "<group>";
		};
/* End PBXGroup section */

/* Begin PBXNativeTarget section */
		99EBE94A2C0083A200789C9F /* Life Vision */ = {
			isa = PBXNativeTarget;
			buildConfigurationList = 99EBE96F2C0083A300789C9F /* Build configuration list for PBXNativeTarget "Life Vision" */;
			buildPhases = (
				99EBE9472C0083A200789C9F /* Sources */,
				99EBE9482C0083A200789C9F /* Frameworks */,
				99EBE9492C0083A200789C9F /* Resources */,
			);
			buildRules = (
			);
			dependencies = (
			);
			name = "Life Vision";
			productName = "Life Vision";
			productReference = 99EBE94B2C0083A200789C9F /* Life Vision.app */;
			productType = "com.apple.product-type.application";
		};
		99EBE95A2C0083A300789C9F /* Life VisionTests */ = {
			isa = PBXNativeTarget;
			buildConfigurationList = 99EBE9722C0083A300789C9F /* Build configuration list for PBXNativeTarget "Life VisionTests" */;
			buildPhases = (
				99EBE9572C0083A300789C9F /* Sources */,
				99EBE9582C0083A300789C9F /* Frameworks */,
				99EBE9592C0083A300789C9F /* Resources */,
			);
			buildRules = (
			);
			dependencies = (
				99EBE95D2C0083A300789C9F /* PBXTargetDependency */,
			);
			name = "Life VisionTests";
			productName = "Life VisionTests";
			productReference = 99EBE95B2C0083A300789C9F /* Life VisionTests.xctest */;
			productType = "com.apple.product-type.bundle.unit-test";
		};
		99EBE9642C0083A300789C9F /* Life VisionUITests */ = {
			isa = PBXNativeTarget;
			buildConfigurationList = 99EBE9752C0083A300789C9F /* Build configuration list for PBXNativeTarget "Life VisionUITests" */;
			buildPhases = (
				99EBE9612C0083A300789C9F /* Sources */,
				99EBE9622C0083A300789C9F /* Frameworks */,
				99EBE9632C0083A300789C9F /* Resources */,
			);
			buildRules = (
			);
			dependencies = (
				99EBE9672C0083A300789C9F /* PBXTargetDependency */,
			);
			name = "Life VisionUITests";
			productName = "Life VisionUITests";
			productReference = 99EBE9652C0083A300789C9F /* Life VisionUITests.xctest */;
			productType = "com.apple.product-type.bundle.ui-testing";
		};
/* End PBXNativeTarget section */

/* Begin PBXProject section */
		99EBE9432C0083A200789C9F /* Project object */ = {
			isa = PBXProject;
			attributes = {
				BuildIndependentTargetsInParallel = 1;
				LastSwiftUpdateCheck = 1540;
				LastUpgradeCheck = 1540;
				TargetAttributes = {
					99EBE94A2C0083A200789C9F = {
						CreatedOnToolsVersion = 15.4;
					};
					99EBE95A2C0083A300789C9F = {
						CreatedOnToolsVersion = 15.4;
						TestTargetID = 99EBE94A2C0083A200789C9F;
					};
					99EBE9642C0083A300789C9F = {
						CreatedOnToolsVersion = 15.4;
						TestTargetID = 99EBE94A2C0083A200789C9F;
					};
				};
			};
			buildConfigurationList = 99EBE9462C0083A200789C9F /* Build configuration list for PBXProject "Life Vision" */;
			compatibilityVersion = "Xcode 14.0";
			developmentRegion = en;
			hasScannedForEncodings = 0;
			knownRegions = (
				en,
				Base,
				tr,
			);
			mainGroup = 99EBE9422C0083A200789C9F;
			productRefGroup = 99EBE94C2C0083A200789C9F /* Products */;
			projectDirPath = "";
			projectRoot = "";
			targets = (
				99EBE94A2C0083A200789C9F /* Life Vision */,
				99EBE95A2C0083A300789C9F /* Life VisionTests */,
				99EBE9642C0083A300789C9F /* Life VisionUITests */,
			);
		};
/* End PBXProject section */

/* Begin PBXResourcesBuildPhase section */
		99EBE9492C0083A200789C9F /* Resources */ = {
			isa = PBXResourcesBuildPhase;
			buildActionMask = 2147483647;
			files = (
				99EBE9562C0083A300789C9F /* Preview Assets.xcassets in Resources */,
				99EBE9532C0083A300789C9F /* Assets.xcassets in Resources */,
			);
			runOnlyForDeploymentPostprocessing = 0;
		};
		99EBE9592C0083A300789C9F /* Resources */ = {
			isa = PBXResourcesBuildPhase;
			buildActionMask = 2147483647;
			files = (
			);
			runOnlyForDeploymentPostprocessing = 0;
		};
		99EBE9632C0083A300789C9F /* Resources */ = {
			isa = PBXResourcesBuildPhase;
			buildActionMask = 2147483647;
			files = (
			);
			runOnlyForDeploymentPostprocessing = 0;
		};
/* End PBXResourcesBuildPhase section */

/* Begin PBXSourcesBuildPhase section */
		99EBE9472C0083A200789C9F /* Sources */ = {
			isa = PBXSourcesBuildPhase;
			buildActionMask = 2147483647;
			files = (
				99EBE9E32C008C3E00789C9F /* TabEnum.swift in Sources */,
				99EBE97A2C00845300789C9F /* LifeVisionAppDelegate.swift in Sources */,
				99EBE9BB2C0088F200789C9F /* SectionItemEnum.swift in Sources */,
				99EBE9D42C008A4900789C9F /* TermsAndConditionsView.swift in Sources */,
				99EBE9D12C008A4900789C9F /* NotificationView.swift in Sources */,
				99EBE9A72C0088B500789C9F /* ToggleDisclosureGroupView.swift in Sources */,
				99EBE9F82C008C7700789C9F /* TaskSectionConstant.swift in Sources */,
				99EBE9CC2C008A4900789C9F /* AccountSectionConstant.swift in Sources */,
				99EBE9D02C008A4900789C9F /* LanguageView.swift in Sources */,
				99EBE9CD2C008A4900789C9F /* AccountDestination.swift in Sources */,
				99EBE9EC2C008C6F00789C9F /* SearchView.swift in Sources */,
				99EBE9B02C0088C400789C9F /* ToggleItemView.swift in Sources */,
				99EBE9E02C008BD900789C9F /* View+Extension.swift in Sources */,
				99EBE9AE2C0088C400789C9F /* NavigationLinkItemView.swift in Sources */,
				99EBE9822C0084DB00789C9F /* RootViewModel.swift in Sources */,
				99EBE9FB2C008C7700789C9F /* TagsView.swift in Sources */,
				99EBE99F2C00876200789C9F /* Language.swift in Sources */,
				99EBE9F92C008C7700789C9F /* TaskDestination.swift in Sources */,
				99EBE9FA2C008C7700789C9F /* RepeatView.swift in Sources */,
				99EBE9852C00864000789C9F /* UserDefaults+Extension.swift in Sources */,
				99EBE9D22C008A4900789C9F /* PrivacyAndPolicyView.swift in Sources */,
				99EBE9CF2C008A4900789C9F /* AboutUsView.swift in Sources */,
				99EBE9D32C008A4900789C9F /* ProfileView.swift in Sources */,
				99EBE9D52C008A4900789C9F /* AccountView.swift in Sources */,
				99EBE9AF2C0088C400789C9F /* TitleItemView.swift in Sources */,
				99EBE9FC2C008C7700789C9F /* TaskView.swift in Sources */,
				99EBEA052C00CF4C00789C9F /* LifeVisionApp.swift in Sources */,
				99EBE9E72C008C5100789C9F /* CalendarView.swift in Sources */,
				99EBE9ED2C008C6F00789C9F /* SearchViewModel.swift in Sources */,
				99EBE9AD2C0088C400789C9F /* MenuItemView.swift in Sources */,
				99EBEA072C01352700789C9F /* Theme.swift in Sources */,
				99EBE9B32C0088CA00789C9F /* DefaultView.swift in Sources */,
				99EBE9BA2C0088F200789C9F /* SectionItem.swift in Sources */,
				99EBE9D62C008A4900789C9F /* AccountViewModel.swift in Sources */,
				99EBEA032C008CFA00789C9F /* HomeViewModel.swift in Sources */,
				99EBE9E82C008C5100789C9F /* CalendarViewModel.swift in Sources */,
				99EBE9FD2C008C7700789C9F /* TaskViewModel.swift in Sources */,
				99EBE9802C00849C00789C9F /* RootView.swift in Sources */,
				99EBEA022C008CFA00789C9F /* HomeView.swift in Sources */,
			);
			runOnlyForDeploymentPostprocessing = 0;
		};
		99EBE9572C0083A300789C9F /* Sources */ = {
			isa = PBXSourcesBuildPhase;
			buildActionMask = 2147483647;
			files = (
				99EBE9602C0083A300789C9F /* Life_VisionTests.swift in Sources */,
			);
			runOnlyForDeploymentPostprocessing = 0;
		};
		99EBE9612C0083A300789C9F /* Sources */ = {
			isa = PBXSourcesBuildPhase;
			buildActionMask = 2147483647;
			files = (
				99EBE96C2C0083A300789C9F /* Life_VisionUITestsLaunchTests.swift in Sources */,
				99EBE96A2C0083A300789C9F /* Life_VisionUITests.swift in Sources */,
			);
			runOnlyForDeploymentPostprocessing = 0;
		};
/* End PBXSourcesBuildPhase section */

/* Begin PBXTargetDependency section */
		99EBE95D2C0083A300789C9F /* PBXTargetDependency */ = {
			isa = PBXTargetDependency;
			target = 99EBE94A2C0083A200789C9F /* Life Vision */;
			targetProxy = 99EBE95C2C0083A300789C9F /* PBXContainerItemProxy */;
		};
		99EBE9672C0083A300789C9F /* PBXTargetDependency */ = {
			isa = PBXTargetDependency;
			target = 99EBE94A2C0083A200789C9F /* Life Vision */;
			targetProxy = 99EBE9662C0083A300789C9F /* PBXContainerItemProxy */;
		};
/* End PBXTargetDependency section */

/* Begin XCBuildConfiguration section */
		99EBE96D2C0083A300789C9F /* Debug */ = {
			isa = XCBuildConfiguration;
			buildSettings = {
				ALWAYS_SEARCH_USER_PATHS = NO;
				ASSETCATALOG_COMPILER_GENERATE_SWIFT_ASSET_SYMBOL_EXTENSIONS = YES;
				CLANG_ANALYZER_NONNULL = YES;
				CLANG_ANALYZER_NUMBER_OBJECT_CONVERSION = YES_AGGRESSIVE;
				CLANG_CXX_LANGUAGE_STANDARD = "gnu++20";
				CLANG_ENABLE_MODULES = YES;
				CLANG_ENABLE_OBJC_ARC = YES;
				CLANG_ENABLE_OBJC_WEAK = YES;
				CLANG_WARN_BLOCK_CAPTURE_AUTORELEASING = YES;
				CLANG_WARN_BOOL_CONVERSION = YES;
				CLANG_WARN_COMMA = YES;
				CLANG_WARN_CONSTANT_CONVERSION = YES;
				CLANG_WARN_DEPRECATED_OBJC_IMPLEMENTATIONS = YES;
				CLANG_WARN_DIRECT_OBJC_ISA_USAGE = YES_ERROR;
				CLANG_WARN_DOCUMENTATION_COMMENTS = YES;
				CLANG_WARN_EMPTY_BODY = YES;
				CLANG_WARN_ENUM_CONVERSION = YES;
				CLANG_WARN_INFINITE_RECURSION = YES;
				CLANG_WARN_INT_CONVERSION = YES;
				CLANG_WARN_NON_LITERAL_NULL_CONVERSION = YES;
				CLANG_WARN_OBJC_IMPLICIT_RETAIN_SELF = YES;
				CLANG_WARN_OBJC_LITERAL_CONVERSION = YES;
				CLANG_WARN_OBJC_ROOT_CLASS = YES_ERROR;
				CLANG_WARN_QUOTED_INCLUDE_IN_FRAMEWORK_HEADER = YES;
				CLANG_WARN_RANGE_LOOP_ANALYSIS = YES;
				CLANG_WARN_STRICT_PROTOTYPES = YES;
				CLANG_WARN_SUSPICIOUS_MOVE = YES;
				CLANG_WARN_UNGUARDED_AVAILABILITY = YES_AGGRESSIVE;
				CLANG_WARN_UNREACHABLE_CODE = YES;
				CLANG_WARN__DUPLICATE_METHOD_MATCH = YES;
				COPY_PHASE_STRIP = NO;
				DEBUG_INFORMATION_FORMAT = dwarf;
				ENABLE_STRICT_OBJC_MSGSEND = YES;
				ENABLE_TESTABILITY = YES;
				ENABLE_USER_SCRIPT_SANDBOXING = YES;
				GCC_C_LANGUAGE_STANDARD = gnu17;
				GCC_DYNAMIC_NO_PIC = NO;
				GCC_NO_COMMON_BLOCKS = YES;
				GCC_OPTIMIZATION_LEVEL = 0;
				GCC_PREPROCESSOR_DEFINITIONS = (
					"DEBUG=1",
					"$(inherited)",
				);
				GCC_WARN_64_TO_32_BIT_CONVERSION = YES;
				GCC_WARN_ABOUT_RETURN_TYPE = YES_ERROR;
				GCC_WARN_UNDECLARED_SELECTOR = YES;
				GCC_WARN_UNINITIALIZED_AUTOS = YES_AGGRESSIVE;
				GCC_WARN_UNUSED_FUNCTION = YES;
				GCC_WARN_UNUSED_VARIABLE = YES;
				IPHONEOS_DEPLOYMENT_TARGET = 17.5;
				LOCALIZATION_PREFERS_STRING_CATALOGS = YES;
				MTL_ENABLE_DEBUG_INFO = INCLUDE_SOURCE;
				MTL_FAST_MATH = YES;
				ONLY_ACTIVE_ARCH = YES;
				SDKROOT = iphoneos;
				SWIFT_ACTIVE_COMPILATION_CONDITIONS = "DEBUG $(inherited)";
				SWIFT_OPTIMIZATION_LEVEL = "-Onone";
			};
			name = Debug;
		};
		99EBE96E2C0083A300789C9F /* Release */ = {
			isa = XCBuildConfiguration;
			buildSettings = {
				ALWAYS_SEARCH_USER_PATHS = NO;
				ASSETCATALOG_COMPILER_GENERATE_SWIFT_ASSET_SYMBOL_EXTENSIONS = YES;
				CLANG_ANALYZER_NONNULL = YES;
				CLANG_ANALYZER_NUMBER_OBJECT_CONVERSION = YES_AGGRESSIVE;
				CLANG_CXX_LANGUAGE_STANDARD = "gnu++20";
				CLANG_ENABLE_MODULES = YES;
				CLANG_ENABLE_OBJC_ARC = YES;
				CLANG_ENABLE_OBJC_WEAK = YES;
				CLANG_WARN_BLOCK_CAPTURE_AUTORELEASING = YES;
				CLANG_WARN_BOOL_CONVERSION = YES;
				CLANG_WARN_COMMA = YES;
				CLANG_WARN_CONSTANT_CONVERSION = YES;
				CLANG_WARN_DEPRECATED_OBJC_IMPLEMENTATIONS = YES;
				CLANG_WARN_DIRECT_OBJC_ISA_USAGE = YES_ERROR;
				CLANG_WARN_DOCUMENTATION_COMMENTS = YES;
				CLANG_WARN_EMPTY_BODY = YES;
				CLANG_WARN_ENUM_CONVERSION = YES;
				CLANG_WARN_INFINITE_RECURSION = YES;
				CLANG_WARN_INT_CONVERSION = YES;
				CLANG_WARN_NON_LITERAL_NULL_CONVERSION = YES;
				CLANG_WARN_OBJC_IMPLICIT_RETAIN_SELF = YES;
				CLANG_WARN_OBJC_LITERAL_CONVERSION = YES;
				CLANG_WARN_OBJC_ROOT_CLASS = YES_ERROR;
				CLANG_WARN_QUOTED_INCLUDE_IN_FRAMEWORK_HEADER = YES;
				CLANG_WARN_RANGE_LOOP_ANALYSIS = YES;
				CLANG_WARN_STRICT_PROTOTYPES = YES;
				CLANG_WARN_SUSPICIOUS_MOVE = YES;
				CLANG_WARN_UNGUARDED_AVAILABILITY = YES_AGGRESSIVE;
				CLANG_WARN_UNREACHABLE_CODE = YES;
				CLANG_WARN__DUPLICATE_METHOD_MATCH = YES;
				COPY_PHASE_STRIP = NO;
				DEBUG_INFORMATION_FORMAT = "dwarf-with-dsym";
				ENABLE_NS_ASSERTIONS = NO;
				ENABLE_STRICT_OBJC_MSGSEND = YES;
				ENABLE_USER_SCRIPT_SANDBOXING = YES;
				GCC_C_LANGUAGE_STANDARD = gnu17;
				GCC_NO_COMMON_BLOCKS = YES;
				GCC_WARN_64_TO_32_BIT_CONVERSION = YES;
				GCC_WARN_ABOUT_RETURN_TYPE = YES_ERROR;
				GCC_WARN_UNDECLARED_SELECTOR = YES;
				GCC_WARN_UNINITIALIZED_AUTOS = YES_AGGRESSIVE;
				GCC_WARN_UNUSED_FUNCTION = YES;
				GCC_WARN_UNUSED_VARIABLE = YES;
				IPHONEOS_DEPLOYMENT_TARGET = 17.5;
				LOCALIZATION_PREFERS_STRING_CATALOGS = YES;
				MTL_ENABLE_DEBUG_INFO = NO;
				MTL_FAST_MATH = YES;
				SDKROOT = iphoneos;
				SWIFT_COMPILATION_MODE = wholemodule;
				VALIDATE_PRODUCT = YES;
			};
			name = Release;
		};
		99EBE9702C0083A300789C9F /* Debug */ = {
			isa = XCBuildConfiguration;
			buildSettings = {
				ASSETCATALOG_COMPILER_APPICON_NAME = AppIcon;
				ASSETCATALOG_COMPILER_GLOBAL_ACCENT_COLOR_NAME = AccentColor;
				CODE_SIGN_STYLE = Automatic;
				CURRENT_PROJECT_VERSION = 1;
				DEVELOPMENT_ASSET_PATHS = "\"Life Vision/Preview Content\"";
				DEVELOPMENT_TEAM = A5PNFW5LM9;
				ENABLE_PREVIEWS = YES;
				GENERATE_INFOPLIST_FILE = YES;
				INFOPLIST_KEY_UIApplicationSceneManifest_Generation = YES;
				INFOPLIST_KEY_UIApplicationSupportsIndirectInputEvents = YES;
				INFOPLIST_KEY_UILaunchScreen_Generation = YES;
				INFOPLIST_KEY_UISupportedInterfaceOrientations_iPad = "UIInterfaceOrientationPortrait UIInterfaceOrientationPortraitUpsideDown UIInterfaceOrientationLandscapeLeft UIInterfaceOrientationLandscapeRight";
				INFOPLIST_KEY_UISupportedInterfaceOrientations_iPhone = "UIInterfaceOrientationPortrait UIInterfaceOrientationLandscapeLeft UIInterfaceOrientationLandscapeRight";
				LD_RUNPATH_SEARCH_PATHS = (
					"$(inherited)",
					"@executable_path/Frameworks",
				);
				MARKETING_VERSION = 1.0;
				PRODUCT_BUNDLE_IDENTIFIER = "com.vision.Life-Vision";
				PRODUCT_NAME = "$(TARGET_NAME)";
				SWIFT_EMIT_LOC_STRINGS = YES;
				SWIFT_VERSION = 5.0;
				TARGETED_DEVICE_FAMILY = "1,2";
			};
			name = Debug;
		};
		99EBE9712C0083A300789C9F /* Release */ = {
			isa = XCBuildConfiguration;
			buildSettings = {
				ASSETCATALOG_COMPILER_APPICON_NAME = AppIcon;
				ASSETCATALOG_COMPILER_GLOBAL_ACCENT_COLOR_NAME = AccentColor;
				CODE_SIGN_STYLE = Automatic;
				CURRENT_PROJECT_VERSION = 1;
				DEVELOPMENT_ASSET_PATHS = "\"Life Vision/Preview Content\"";
				DEVELOPMENT_TEAM = A5PNFW5LM9;
				ENABLE_PREVIEWS = YES;
				GENERATE_INFOPLIST_FILE = YES;
				INFOPLIST_KEY_UIApplicationSceneManifest_Generation = YES;
				INFOPLIST_KEY_UIApplicationSupportsIndirectInputEvents = YES;
				INFOPLIST_KEY_UILaunchScreen_Generation = YES;
				INFOPLIST_KEY_UISupportedInterfaceOrientations_iPad = "UIInterfaceOrientationPortrait UIInterfaceOrientationPortraitUpsideDown UIInterfaceOrientationLandscapeLeft UIInterfaceOrientationLandscapeRight";
				INFOPLIST_KEY_UISupportedInterfaceOrientations_iPhone = "UIInterfaceOrientationPortrait UIInterfaceOrientationLandscapeLeft UIInterfaceOrientationLandscapeRight";
				LD_RUNPATH_SEARCH_PATHS = (
					"$(inherited)",
					"@executable_path/Frameworks",
				);
				MARKETING_VERSION = 1.0;
				PRODUCT_BUNDLE_IDENTIFIER = "com.vision.Life-Vision";
				PRODUCT_NAME = "$(TARGET_NAME)";
				SWIFT_EMIT_LOC_STRINGS = YES;
				SWIFT_VERSION = 5.0;
				TARGETED_DEVICE_FAMILY = "1,2";
			};
			name = Release;
		};
		99EBE9732C0083A300789C9F /* Debug */ = {
			isa = XCBuildConfiguration;
			buildSettings = {
				ALWAYS_EMBED_SWIFT_STANDARD_LIBRARIES = YES;
				BUNDLE_LOADER = "$(TEST_HOST)";
				CODE_SIGN_STYLE = Automatic;
				CURRENT_PROJECT_VERSION = 1;
				DEVELOPMENT_TEAM = A5PNFW5LM9;
				GENERATE_INFOPLIST_FILE = YES;
				IPHONEOS_DEPLOYMENT_TARGET = 17.5;
				MARKETING_VERSION = 1.0;
				PRODUCT_BUNDLE_IDENTIFIER = "com.apple.Life-VisionTests";
				PRODUCT_NAME = "$(TARGET_NAME)";
				SWIFT_EMIT_LOC_STRINGS = NO;
				SWIFT_VERSION = 5.0;
				TARGETED_DEVICE_FAMILY = "1,2";
				TEST_HOST = "$(BUILT_PRODUCTS_DIR)/Life Vision.app/$(BUNDLE_EXECUTABLE_FOLDER_PATH)/Life Vision";
			};
			name = Debug;
		};
		99EBE9742C0083A300789C9F /* Release */ = {
			isa = XCBuildConfiguration;
			buildSettings = {
				ALWAYS_EMBED_SWIFT_STANDARD_LIBRARIES = YES;
				BUNDLE_LOADER = "$(TEST_HOST)";
				CODE_SIGN_STYLE = Automatic;
				CURRENT_PROJECT_VERSION = 1;
				DEVELOPMENT_TEAM = A5PNFW5LM9;
				GENERATE_INFOPLIST_FILE = YES;
				IPHONEOS_DEPLOYMENT_TARGET = 17.5;
				MARKETING_VERSION = 1.0;
				PRODUCT_BUNDLE_IDENTIFIER = "com.apple.Life-VisionTests";
				PRODUCT_NAME = "$(TARGET_NAME)";
				SWIFT_EMIT_LOC_STRINGS = NO;
				SWIFT_VERSION = 5.0;
				TARGETED_DEVICE_FAMILY = "1,2";
				TEST_HOST = "$(BUILT_PRODUCTS_DIR)/Life Vision.app/$(BUNDLE_EXECUTABLE_FOLDER_PATH)/Life Vision";
			};
			name = Release;
		};
		99EBE9762C0083A300789C9F /* Debug */ = {
			isa = XCBuildConfiguration;
			buildSettings = {
				ALWAYS_EMBED_SWIFT_STANDARD_LIBRARIES = YES;
				CODE_SIGN_STYLE = Automatic;
				CURRENT_PROJECT_VERSION = 1;
				DEVELOPMENT_TEAM = A5PNFW5LM9;
				GENERATE_INFOPLIST_FILE = YES;
				MARKETING_VERSION = 1.0;
				PRODUCT_BUNDLE_IDENTIFIER = "com.apple.Life-VisionUITests";
				PRODUCT_NAME = "$(TARGET_NAME)";
				SWIFT_EMIT_LOC_STRINGS = NO;
				SWIFT_VERSION = 5.0;
				TARGETED_DEVICE_FAMILY = "1,2";
				TEST_TARGET_NAME = "Life Vision";
			};
			name = Debug;
		};
		99EBE9772C0083A300789C9F /* Release */ = {
			isa = XCBuildConfiguration;
			buildSettings = {
				ALWAYS_EMBED_SWIFT_STANDARD_LIBRARIES = YES;
				CODE_SIGN_STYLE = Automatic;
				CURRENT_PROJECT_VERSION = 1;
				DEVELOPMENT_TEAM = A5PNFW5LM9;
				GENERATE_INFOPLIST_FILE = YES;
				MARKETING_VERSION = 1.0;
				PRODUCT_BUNDLE_IDENTIFIER = "com.apple.Life-VisionUITests";
				PRODUCT_NAME = "$(TARGET_NAME)";
				SWIFT_EMIT_LOC_STRINGS = NO;
				SWIFT_VERSION = 5.0;
				TARGETED_DEVICE_FAMILY = "1,2";
				TEST_TARGET_NAME = "Life Vision";
			};
			name = Release;
		};
/* End XCBuildConfiguration section */

/* Begin XCConfigurationList section */
		99EBE9462C0083A200789C9F /* Build configuration list for PBXProject "Life Vision" */ = {
			isa = XCConfigurationList;
			buildConfigurations = (
				99EBE96D2C0083A300789C9F /* Debug */,
				99EBE96E2C0083A300789C9F /* Release */,
			);
			defaultConfigurationIsVisible = 0;
			defaultConfigurationName = Release;
		};
		99EBE96F2C0083A300789C9F /* Build configuration list for PBXNativeTarget "Life Vision" */ = {
			isa = XCConfigurationList;
			buildConfigurations = (
				99EBE9702C0083A300789C9F /* Debug */,
				99EBE9712C0083A300789C9F /* Release */,
			);
			defaultConfigurationIsVisible = 0;
			defaultConfigurationName = Release;
		};
		99EBE9722C0083A300789C9F /* Build configuration list for PBXNativeTarget "Life VisionTests" */ = {
			isa = XCConfigurationList;
			buildConfigurations = (
				99EBE9732C0083A300789C9F /* Debug */,
				99EBE9742C0083A300789C9F /* Release */,
			);
			defaultConfigurationIsVisible = 0;
			defaultConfigurationName = Release;
		};
		99EBE9752C0083A300789C9F /* Build configuration list for PBXNativeTarget "Life VisionUITests" */ = {
			isa = XCConfigurationList;
			buildConfigurations = (
				99EBE9762C0083A300789C9F /* Debug */,
				99EBE9772C0083A300789C9F /* Release */,
			);
			defaultConfigurationIsVisible = 0;
			defaultConfigurationName = Release;
		};
/* End XCConfigurationList section */
	};
	rootObject = 99EBE9432C0083A200789C9F /* Project object */;
}
